// !$*UTF8*$!
{
	archiveVersion = 1;
	classes = {
	};
	objectVersion = 46;
	objects = {

/* Begin PBXBuildFile section */
		AA1453C41DC96D2C000CBF94 /* BookManager.m in Sources */ = {isa = PBXBuildFile; fileRef = AA1453C31DC96D2C000CBF94 /* BookManager.m */; };
		AA99D9501DC969B400A43FE3 /* main.m in Sources */ = {isa = PBXBuildFile; fileRef = AA99D94F1DC969B400A43FE3 /* main.m */; };
		AA99D9581DC96B0200A43FE3 /* Book.m in Sources */ = {isa = PBXBuildFile; fileRef = AA99D9571DC96B0200A43FE3 /* Book.m */; };
/* End PBXBuildFile section */

/* Begin PBXCopyFilesBuildPhase section */
		AA99D94A1DC969B300A43FE3 /* CopyFiles */ = {
			isa = PBXCopyFilesBuildPhase;
			buildActionMask = 2147483647;
			dstPath = /usr/share/man/man1/;
			dstSubfolderSpec = 0;
			files = (
			);
			runOnlyForDeploymentPostprocessing = 1;
		};
/* End PBXCopyFilesBuildPhase section */

/* Begin PBXFileReference section */
		AA1453C21DC96D2C000CBF94 /* BookManager.h */ = {isa = PBXFileReference; fileEncoding = 4; lastKnownFileType = sourcecode.c.h; path = BookManager.h; sourceTree = "<group>"; };
		AA1453C31DC96D2C000CBF94 /* BookManager.m */ = {isa = PBXFileReference; fileEncoding = 4; lastKnownFileType = sourcecode.c.objc; path = BookManager.m; sourceTree = "<group>"; };
		AA99D94C1DC969B400A43FE3 /* [Section2]BookManager */ = {isa = PBXFileReference; explicitFileType = "compiled.mach-o.executable"; includeInIndex = 0; path = "[Section2]BookManager"; sourceTree = BUILT_PRODUCTS_DIR; };
		AA99D94F1DC969B400A43FE3 /* main.m */ = {isa = PBXFileReference; lastKnownFileType = sourcecode.c.objc; path = main.m; sourceTree = "<group>"; };
		AA99D9561DC96B0200A43FE3 /* Book.h */ = {isa = PBXFileReference; fileEncoding = 4; lastKnownFileType = sourcecode.c.h; path = Book.h; sourceTree = "<group>"; };
		AA99D9571DC96B0200A43FE3 /* Book.m */ = {isa = PBXFileReference; fileEncoding = 4; lastKnownFileType = sourcecode.c.objc; path = Book.m; sourceTree = "<group>"; };
/* End PBXFileReference section */

/* Begin PBXFrameworksBuildPhase section */
		AA99D9491DC969B300A43FE3 /* Frameworks */ = {
			isa = PBXFrameworksBuildPhase;
			buildActionMask = 2147483647;
			files = (
			);
			runOnlyForDeploymentPostprocessing = 0;
		};
/* End PBXFrameworksBuildPhase section */

/* Begin PBXGroup section */
		AA99D9431DC969B300A43FE3 = {
			isa = PBXGroup;
			children = (
				AA99D94E1DC969B400A43FE3 /* [Section2]BookManager */,
				AA99D94D1DC969B400A43FE3 /* Products */,
			);
			sourceTree = "<group>";
		};
		AA99D94D1DC969B400A43FE3 /* Products */ = {
			isa = PBXGroup;
			children = (
				AA99D94C1DC969B400A43FE3 /* [Section2]BookManager */,
			);
			name = Products;
			sourceTree = "<group>";
		};
		AA99D94E1DC969B400A43FE3 /* [Section2]BookManager */ = {
			isa = PBXGroup;
			children = (
				AA99D94F1DC969B400A43FE3 /* main.m */,
				AA1453C21DC96D2C000CBF94 /* BookManager.h */,
				AA1453C31DC96D2C000CBF94 /* BookManager.m */,
				AA99D9561DC96B0200A43FE3 /* Book.h */,
				AA99D9571DC96B0200A43FE3 /* Book.m */,
			);
			path = "[Section2]BookManager";
			sourceTree = "<group>";
		};
/* End PBXGroup section */

/* Begin PBXNativeTarget section */
		AA99D94B1DC969B300A43FE3 /* [Section2]BookManager */ = {
			isa = PBXNativeTarget;
			buildConfigurationList = AA99D9531DC969B400A43FE3 /* Build configuration list for PBXNativeTarget "[Section2]BookManager" */;
			buildPhases = (
				AA99D9481DC969B300A43FE3 /* Sources */,
				AA99D9491DC969B300A43FE3 /* Frameworks */,
				AA99D94A1DC969B300A43FE3 /* CopyFiles */,
			);
			buildRules = (
			);
			dependencies = (
			);
			name = "[Section2]BookManager";
			productName = "[Section2]BookManager";
			productReference = AA99D94C1DC969B400A43FE3 /* [Section2]BookManager */;
			productType = "com.apple.product-type.tool";
		};
/* End PBXNativeTarget section */

/* Begin PBXProject section */
		AA99D9441DC969B300A43FE3 /* Project object */ = {
			isa = PBXProject;
			attributes = {
				LastUpgradeCheck = 0800;
				ORGANIZATIONNAME = iosSchool;
				TargetAttributes = {
					AA99D94B1DC969B300A43FE3 = {
						CreatedOnToolsVersion = 8.0;
						ProvisioningStyle = Automatic;
					};
				};
			};
			buildConfigurationList = AA99D9471DC969B300A43FE3 /* Build configuration list for PBXProject "[Section2]BookManager" */;
			compatibilityVersion = "Xcode 3.2";
			developmentRegion = English;
			hasScannedForEncodings = 0;
			knownRegions = (
				en,
			);
			mainGroup = AA99D9431DC969B300A43FE3;
			productRefGroup = AA99D94D1DC969B400A43FE3 /* Products */;
			projectDirPath = "";
			projectRoot = "";
			targets = (
				AA99D94B1DC969B300A43FE3 /* [Section2]BookManager */,
			);
		};
/* End PBXProject section */

/* Begin PBXSourcesBuildPhase section */
		AA99D9481DC969B300A43FE3 /* Sources */ = {
			isa = PBXSourcesBuildPhase;
			buildActionMask = 2147483647;
			files = (
				AA1453C41DC96D2C000CBF94 /* BookManager.m in Sources */,
				AA99D9581DC96B0200A43FE3 /* Book.m in Sources */,
				AA99D9501DC969B400A43FE3 /* main.m in Sources */,
			);
			runOnlyForDeploymentPostprocessing = 0;
		};
/* End PBXSourcesBuildPhase section */

/* Begin XCBuildConfiguration section */
		AA99D9511DC969B400A43FE3 /* Debug */ = {
			isa = XCBuildConfiguration;
			buildSettings = {
				ALWAYS_SEARCH_USER_PATHS = NO;
				CLANG_ANALYZER_NONNULL = YES;
				CLANG_CXX_LANGUAGE_STANDARD = "gnu++0x";
				CLANG_CXX_LIBRARY = "libc++";
				CLANG_ENABLE_MODULES = YES;
				CLANG_ENABLE_OBJC_ARC = YES;
				CLANG_WARN_BOOL_CONVERSION = YES;
				CLANG_WARN_CONSTANT_CONVERSION = YES;
				CLANG_WARN_DIRECT_OBJC_ISA_USAGE = YES_ERROR;
				CLANG_WARN_DOCUMENTATION_COMMENTS = YES;
				CLANG_WARN_EMPTY_BODY = YES;
				CLANG_WARN_ENUM_CONVERSION = YES;
				CLANG_WARN_INFINITE_RECURSION = YES;
				CLANG_WARN_INT_CONVERSION = YES;
				CLANG_WARN_OBJC_ROOT_CLASS = YES_ERROR;
				CLANG_WARN_SUSPICIOUS_MOVES = YES;
				CLANG_WARN_UNREACHABLE_CODE = YES;
				CLANG_WARN__DUPLICATE_METHOD_MATCH = YES;
				CODE_SIGN_IDENTITY = "-";
				COPY_PHASE_STRIP = NO;
				DEBUG_INFORMATION_FORMAT = dwarf;
				ENABLE_STRICT_OBJC_MSGSEND = YES;
				ENABLE_TESTABILITY = YES;
				GCC_C_LANGUAGE_STANDARD = gnu99;
				GCC_DYNAMIC_NO_PIC = NO;
				GCC_NO_COMMON_BLOCKS = YES;
				GCC_OPTIMIZATION_LEVEL = 0;
				GCC_PREPROCESSOR_DEFINITIONS = (
					"DEBUG=1",
					"$(inherited)",
				);
				GCC_WARN_64_TO_32_BIT_CONVERSION = YES;
				GCC_WARN_ABOUT_RETURN_TYPE = YES_ERROR;
				GCC_WARN_UNDECLARED_SELECTOR = YES;
				GCC_WARN_UNINITIALIZED_AUTOS = YES_AGGRESSIVE;
				GCC_WARN_UNUSED_FUNCTION = YES;
				GCC_WARN_UNUSED_VARIABLE = YES;
				MACOSX_DEPLOYMENT_TARGET = 10.12;
				MTL_ENABLE_DEBUG_INFO = YES;
				ONLY_ACTIVE_ARCH = YES;
				SDKROOT = macosx;
			};
			name = Debug;
		};
		AA99D9521DC969B400A43FE3 /* Release */ = {
			isa = XCBuildConfiguration;
			buildSettings = {
				ALWAYS_SEARCH_USER_PATHS = NO;
				CLANG_ANALYZER_NONNULL = YES;
				CLANG_CXX_LANGUAGE_STANDARD = "gnu++0x";
				CLANG_CXX_LIBRARY = "libc++";
				CLANG_ENABLE_MODULES = YES;
				CLANG_ENABLE_OBJC_ARC = YES;
				CLANG_WARN_BOOL_CONVERSION = YES;
				CLANG_WARN_CONSTANT_CONVERSION = YES;
				CLANG_WARN_DIRECT_OBJC_ISA_USAGE = YES_ERROR;
				CLANG_WARN_DOCUMENTATION_COMMENTS = YES;
				CLANG_WARN_EMPTY_BODY = YES;
				CLANG_WARN_ENUM_CONVERSION = YES;
				CLANG_WARN_INFINITE_RECURSION = YES;
				CLANG_WARN_INT_CONVERSION = YES;
				CLANG_WARN_OBJC_ROOT_CLASS = YES_ERROR;
				CLANG_WARN_SUSPICIOUS_MOVES = YES;
				CLANG_WARN_UNREACHABLE_CODE = YES;
				CLANG_WARN__DUPLICATE_METHOD_MATCH = YES;
				CODE_SIGN_IDENTITY = "-";
				COPY_PHASE_STRIP = NO;
				DEBUG_INFORMATION_FORMAT = "dwarf-with-dsym";
				ENABLE_NS_ASSERTIONS = NO;
				ENABLE_STRICT_OBJC_MSGSEND = YES;
				GCC_C_LANGUAGE_STANDARD = gnu99;
				GCC_NO_COMMON_BLOCKS = YES;
				GCC_WARN_64_TO_32_BIT_CONVERSION = YES;
				GCC_WARN_ABOUT_RETURN_TYPE = YES_ERROR;
				GCC_WARN_UNDECLARED_SELECTOR = YES;
				GCC_WARN_UNINITIALIZED_AUTOS = YES_AGGRESSIVE;
				GCC_WARN_UNUSED_FUNCTION = YES;
				GCC_WARN_UNUSED_VARIABLE = YES;
				MACOSX_DEPLOYMENT_TARGET = 10.12;
				MTL_ENABLE_DEBUG_INFO = NO;
				SDKROOT = macosx;
			};
			name = Release;
		};
		AA99D9541DC969B400A43FE3 /* Debug */ = {
			isa = XCBuildConfiguration;
			buildSettings = {
				PRODUCT_NAME = "$(TARGET_NAME)";
			};
			name = Debug;
		};
		AA99D9551DC969B400A43FE3 /* Release */ = {
			isa = XCBuildConfiguration;
			buildSettings = {
				PRODUCT_NAME = "$(TARGET_NAME)";
			};
			name = Release;
		};
/* End XCBuildConfiguration section */

/* Begin XCConfigurationList section */
		AA99D9471DC969B300A43FE3 /* Build configuration list for PBXProject "[Section2]BookManager" */ = {
			isa = XCConfigurationList;
			buildConfigurations = (
				AA99D9511DC969B400A43FE3 /* Debug */,
				AA99D9521DC969B400A43FE3 /* Release */,
			);
			defaultConfigurationIsVisible = 0;
			defaultConfigurationName = Release;
		};
		AA99D9531DC969B400A43FE3 /* Build configuration list for PBXNativeTarget "[Section2]BookManager" */ = {
			isa = XCConfigurationList;
			buildConfigurations = (
				AA99D9541DC969B400A43FE3 /* Debug */,
				AA99D9551DC969B400A43FE3 /* Release */,
			);
			defaultConfigurationIsVisible = 0;
			defaultConfigurationName = Release;
		};
/* End XCConfigurationList section */
	};
	rootObject = AA99D9441DC969B300A43FE3 /* Project object */;
}
