// !$*UTF8*$!
{
	archiveVersion = 1;
	classes = {
	};
	objectVersion = 46;
	objects = {

/* Begin PBXBuildFile section */
		AAC09E0E1DD986E100A2EE6D /* main.m in Sources */ = {isa = PBXBuildFile; fileRef = AAC09E0D1DD986E100A2EE6D /* main.m */; };
		AAC09E111DD986E100A2EE6D /* AppDelegate.m in Sources */ = {isa = PBXBuildFile; fileRef = AAC09E101DD986E100A2EE6D /* AppDelegate.m */; };
		AAC09E141DD986E100A2EE6D /* ViewController.m in Sources */ = {isa = PBXBuildFile; fileRef = AAC09E131DD986E100A2EE6D /* ViewController.m */; };
		AAC09E171DD986E100A2EE6D /* Main.storyboard in Resources */ = {isa = PBXBuildFile; fileRef = AAC09E151DD986E100A2EE6D /* Main.storyboard */; };
		AAC09E191DD986E100A2EE6D /* Assets.xcassets in Resources */ = {isa = PBXBuildFile; fileRef = AAC09E181DD986E100A2EE6D /* Assets.xcassets */; };
		AAC09E1C1DD986E100A2EE6D /* LaunchScreen.storyboard in Resources */ = {isa = PBXBuildFile; fileRef = AAC09E1A1DD986E100A2EE6D /* LaunchScreen.storyboard */; };
/* End PBXBuildFile section */

/* Begin PBXFileReference section */
		AAC09E091DD986E100A2EE6D /* [1114]NSURLSessionExample.app */ = {isa = PBXFileReference; explicitFileType = wrapper.application; includeInIndex = 0; path = "[1114]NSURLSessionExample.app"; sourceTree = BUILT_PRODUCTS_DIR; };
		AAC09E0D1DD986E100A2EE6D /* main.m */ = {isa = PBXFileReference; lastKnownFileType = sourcecode.c.objc; path = main.m; sourceTree = "<group>"; };
		AAC09E0F1DD986E100A2EE6D /* AppDelegate.h */ = {isa = PBXFileReference; lastKnownFileType = sourcecode.c.h; path = AppDelegate.h; sourceTree = "<group>"; };
		AAC09E101DD986E100A2EE6D /* AppDelegate.m */ = {isa = PBXFileReference; lastKnownFileType = sourcecode.c.objc; path = AppDelegate.m; sourceTree = "<group>"; };
		AAC09E121DD986E100A2EE6D /* ViewController.h */ = {isa = PBXFileReference; lastKnownFileType = sourcecode.c.h; path = ViewController.h; sourceTree = "<group>"; };
		AAC09E131DD986E100A2EE6D /* ViewController.m */ = {isa = PBXFileReference; lastKnownFileType = sourcecode.c.objc; path = ViewController.m; sourceTree = "<group>"; };
		AAC09E161DD986E100A2EE6D /* Base */ = {isa = PBXFileReference; lastKnownFileType = file.storyboard; name = Base; path = Base.lproj/Main.storyboard; sourceTree = "<group>"; };
		AAC09E181DD986E100A2EE6D /* Assets.xcassets */ = {isa = PBXFileReference; lastKnownFileType = folder.assetcatalog; path = Assets.xcassets; sourceTree = "<group>"; };
		AAC09E1B1DD986E100A2EE6D /* Base */ = {isa = PBXFileReference; lastKnownFileType = file.storyboard; name = Base; path = Base.lproj/LaunchScreen.storyboard; sourceTree = "<group>"; };
		AAC09E1D1DD986E100A2EE6D /* Info.plist */ = {isa = PBXFileReference; lastKnownFileType = text.plist.xml; path = Info.plist; sourceTree = "<group>"; };
/* End PBXFileReference section */

/* Begin PBXFrameworksBuildPhase section */
		AAC09E061DD986E000A2EE6D /* Frameworks */ = {
			isa = PBXFrameworksBuildPhase;
			buildActionMask = 2147483647;
			files = (
			);
			runOnlyForDeploymentPostprocessing = 0;
		};
/* End PBXFrameworksBuildPhase section */

/* Begin PBXGroup section */
		AAC09E001DD986E000A2EE6D = {
			isa = PBXGroup;
			children = (
				AAC09E0B1DD986E100A2EE6D /* [1114]NSURLSessionExample */,
				AAC09E0A1DD986E100A2EE6D /* Products */,
			);
			sourceTree = "<group>";
		};
		AAC09E0A1DD986E100A2EE6D /* Products */ = {
			isa = PBXGroup;
			children = (
				AAC09E091DD986E100A2EE6D /* [1114]NSURLSessionExample.app */,
			);
			name = Products;
			sourceTree = "<group>";
		};
		AAC09E0B1DD986E100A2EE6D /* [1114]NSURLSessionExample */ = {
			isa = PBXGroup;
			children = (
				AAC09E0F1DD986E100A2EE6D /* AppDelegate.h */,
				AAC09E101DD986E100A2EE6D /* AppDelegate.m */,
				AAC09E121DD986E100A2EE6D /* ViewController.h */,
				AAC09E131DD986E100A2EE6D /* ViewController.m */,
				AAC09E151DD986E100A2EE6D /* Main.storyboard */,
				AAC09E181DD986E100A2EE6D /* Assets.xcassets */,
				AAC09E1A1DD986E100A2EE6D /* LaunchScreen.storyboard */,
				AAC09E1D1DD986E100A2EE6D /* Info.plist */,
				AAC09E0C1DD986E100A2EE6D /* Supporting Files */,
			);
			path = "[1114]NSURLSessionExample";
			sourceTree = "<group>";
		};
		AAC09E0C1DD986E100A2EE6D /* Supporting Files */ = {
			isa = PBXGroup;
			children = (
				AAC09E0D1DD986E100A2EE6D /* main.m */,
			);
			name = "Supporting Files";
			sourceTree = "<group>";
		};
/* End PBXGroup section */

/* Begin PBXNativeTarget section */
		AAC09E081DD986E000A2EE6D /* [1114]NSURLSessionExample */ = {
			isa = PBXNativeTarget;
			buildConfigurationList = AAC09E201DD986E100A2EE6D /* Build configuration list for PBXNativeTarget "[1114]NSURLSessionExample" */;
			buildPhases = (
				AAC09E051DD986E000A2EE6D /* Sources */,
				AAC09E061DD986E000A2EE6D /* Frameworks */,
				AAC09E071DD986E000A2EE6D /* Resources */,
			);
			buildRules = (
			);
			dependencies = (
			);
			name = "[1114]NSURLSessionExample";
			productName = "[1114]NSURLSessionExample";
			productReference = AAC09E091DD986E100A2EE6D /* [1114]NSURLSessionExample.app */;
			productType = "com.apple.product-type.application";
		};
/* End PBXNativeTarget section */

/* Begin PBXProject section */
		AAC09E011DD986E000A2EE6D /* Project object */ = {
			isa = PBXProject;
			attributes = {
				LastUpgradeCheck = 0810;
				ORGANIZATIONNAME = iosSchool;
				TargetAttributes = {
					AAC09E081DD986E000A2EE6D = {
						CreatedOnToolsVersion = 8.1;
						ProvisioningStyle = Automatic;
					};
				};
			};
			buildConfigurationList = AAC09E041DD986E000A2EE6D /* Build configuration list for PBXProject "[1114]NSURLSessionExample" */;
			compatibilityVersion = "Xcode 3.2";
			developmentRegion = English;
			hasScannedForEncodings = 0;
			knownRegions = (
				en,
				Base,
			);
			mainGroup = AAC09E001DD986E000A2EE6D;
			productRefGroup = AAC09E0A1DD986E100A2EE6D /* Products */;
			projectDirPath = "";
			projectRoot = "";
			targets = (
				AAC09E081DD986E000A2EE6D /* [1114]NSURLSessionExample */,
			);
		};
/* End PBXProject section */

/* Begin PBXResourcesBuildPhase section */
		AAC09E071DD986E000A2EE6D /* Resources */ = {
			isa = PBXResourcesBuildPhase;
			buildActionMask = 2147483647;
			files = (
				AAC09E1C1DD986E100A2EE6D /* LaunchScreen.storyboard in Resources */,
				AAC09E191DD986E100A2EE6D /* Assets.xcassets in Resources */,
				AAC09E171DD986E100A2EE6D /* Main.storyboard in Resources */,
			);
			runOnlyForDeploymentPostprocessing = 0;
		};
/* End PBXResourcesBuildPhase section */

/* Begin PBXSourcesBuildPhase section */
		AAC09E051DD986E000A2EE6D /* Sources */ = {
			isa = PBXSourcesBuildPhase;
			buildActionMask = 2147483647;
			files = (
				AAC09E141DD986E100A2EE6D /* ViewController.m in Sources */,
				AAC09E111DD986E100A2EE6D /* AppDelegate.m in Sources */,
				AAC09E0E1DD986E100A2EE6D /* main.m in Sources */,
			);
			runOnlyForDeploymentPostprocessing = 0;
		};
/* End PBXSourcesBuildPhase section */

/* Begin PBXVariantGroup section */
		AAC09E151DD986E100A2EE6D /* Main.storyboard */ = {
			isa = PBXVariantGroup;
			children = (
				AAC09E161DD986E100A2EE6D /* Base */,
			);
			name = Main.storyboard;
			sourceTree = "<group>";
		};
		AAC09E1A1DD986E100A2EE6D /* LaunchScreen.storyboard */ = {
			isa = PBXVariantGroup;
			children = (
				AAC09E1B1DD986E100A2EE6D /* Base */,
			);
			name = LaunchScreen.storyboard;
			sourceTree = "<group>";
		};
/* End PBXVariantGroup section */

/* Begin XCBuildConfiguration section */
		AAC09E1E1DD986E100A2EE6D /* Debug */ = {
			isa = XCBuildConfiguration;
			buildSettings = {
				ALWAYS_SEARCH_USER_PATHS = NO;
				CLANG_ANALYZER_NONNULL = YES;
				CLANG_CXX_LANGUAGE_STANDARD = "gnu++0x";
				CLANG_CXX_LIBRARY = "libc++";
				CLANG_ENABLE_MODULES = YES;
				CLANG_ENABLE_OBJC_ARC = YES;
				CLANG_WARN_BOOL_CONVERSION = YES;
				CLANG_WARN_CONSTANT_CONVERSION = YES;
				CLANG_WARN_DIRECT_OBJC_ISA_USAGE = YES_ERROR;
				CLANG_WARN_DOCUMENTATION_COMMENTS = YES;
				CLANG_WARN_EMPTY_BODY = YES;
				CLANG_WARN_ENUM_CONVERSION = YES;
				CLANG_WARN_INFINITE_RECURSION = YES;
				CLANG_WARN_INT_CONVERSION = YES;
				CLANG_WARN_OBJC_ROOT_CLASS = YES_ERROR;
				CLANG_WARN_SUSPICIOUS_MOVES = YES;
				CLANG_WARN_UNREACHABLE_CODE = YES;
				CLANG_WARN__DUPLICATE_METHOD_MATCH = YES;
				"CODE_SIGN_IDENTITY[sdk=iphoneos*]" = "iPhone Developer";
				COPY_PHASE_STRIP = NO;
				DEBUG_INFORMATION_FORMAT = dwarf;
				ENABLE_STRICT_OBJC_MSGSEND = YES;
				ENABLE_TESTABILITY = YES;
				GCC_C_LANGUAGE_STANDARD = gnu99;
				GCC_DYNAMIC_NO_PIC = NO;
				GCC_NO_COMMON_BLOCKS = YES;
				GCC_OPTIMIZATION_LEVEL = 0;
				GCC_PREPROCESSOR_DEFINITIONS = (
					"DEBUG=1",
					"$(inherited)",
				);
				GCC_WARN_64_TO_32_BIT_CONVERSION = YES;
				GCC_WARN_ABOUT_RETURN_TYPE = YES_ERROR;
				GCC_WARN_UNDECLARED_SELECTOR = YES;
				GCC_WARN_UNINITIALIZED_AUTOS = YES_AGGRESSIVE;
				GCC_WARN_UNUSED_FUNCTION = YES;
				GCC_WARN_UNUSED_VARIABLE = YES;
				IPHONEOS_DEPLOYMENT_TARGET = 10.1;
				MTL_ENABLE_DEBUG_INFO = YES;
				ONLY_ACTIVE_ARCH = YES;
				SDKROOT = iphoneos;
			};
			name = Debug;
		};
		AAC09E1F1DD986E100A2EE6D /* Release */ = {
			isa = XCBuildConfiguration;
			buildSettings = {
				ALWAYS_SEARCH_USER_PATHS = NO;
				CLANG_ANALYZER_NONNULL = YES;
				CLANG_CXX_LANGUAGE_STANDARD = "gnu++0x";
				CLANG_CXX_LIBRARY = "libc++";
				CLANG_ENABLE_MODULES = YES;
				CLANG_ENABLE_OBJC_ARC = YES;
				CLANG_WARN_BOOL_CONVERSION = YES;
				CLANG_WARN_CONSTANT_CONVERSION = YES;
				CLANG_WARN_DIRECT_OBJC_ISA_USAGE = YES_ERROR;
				CLANG_WARN_DOCUMENTATION_COMMENTS = YES;
				CLANG_WARN_EMPTY_BODY = YES;
				CLANG_WARN_ENUM_CONVERSION = YES;
				CLANG_WARN_INFINITE_RECURSION = YES;
				CLANG_WARN_INT_CONVERSION = YES;
				CLANG_WARN_OBJC_ROOT_CLASS = YES_ERROR;
				CLANG_WARN_SUSPICIOUS_MOVES = YES;
				CLANG_WARN_UNREACHABLE_CODE = YES;
				CLANG_WARN__DUPLICATE_METHOD_MATCH = YES;
				"CODE_SIGN_IDENTITY[sdk=iphoneos*]" = "iPhone Developer";
				COPY_PHASE_STRIP = NO;
				DEBUG_INFORMATION_FORMAT = "dwarf-with-dsym";
				ENABLE_NS_ASSERTIONS = NO;
				ENABLE_STRICT_OBJC_MSGSEND = YES;
				GCC_C_LANGUAGE_STANDARD = gnu99;
				GCC_NO_COMMON_BLOCKS = YES;
				GCC_WARN_64_TO_32_BIT_CONVERSION = YES;
				GCC_WARN_ABOUT_RETURN_TYPE = YES_ERROR;
				GCC_WARN_UNDECLARED_SELECTOR = YES;
				GCC_WARN_UNINITIALIZED_AUTOS = YES_AGGRESSIVE;
				GCC_WARN_UNUSED_FUNCTION = YES;
				GCC_WARN_UNUSED_VARIABLE = YES;
				IPHONEOS_DEPLOYMENT_TARGET = 10.1;
				MTL_ENABLE_DEBUG_INFO = NO;
				SDKROOT = iphoneos;
				VALIDATE_PRODUCT = YES;
			};
			name = Release;
		};
		AAC09E211DD986E100A2EE6D /* Debug */ = {
			isa = XCBuildConfiguration;
			buildSettings = {
				ASSETCATALOG_COMPILER_APPICON_NAME = AppIcon;
				INFOPLIST_FILE = "[1114]NSURLSessionExample/Info.plist";
				LD_RUNPATH_SEARCH_PATHS = "$(inherited) @executable_path/Frameworks";
				PRODUCT_BUNDLE_IDENTIFIER = "com.celeste.-1114-NSURLSessionExample";
				PRODUCT_NAME = "$(TARGET_NAME)";
			};
			name = Debug;
		};
		AAC09E221DD986E100A2EE6D /* Release */ = {
			isa = XCBuildConfiguration;
			buildSettings = {
				ASSETCATALOG_COMPILER_APPICON_NAME = AppIcon;
				INFOPLIST_FILE = "[1114]NSURLSessionExample/Info.plist";
				LD_RUNPATH_SEARCH_PATHS = "$(inherited) @executable_path/Frameworks";
				PRODUCT_BUNDLE_IDENTIFIER = "com.celeste.-1114-NSURLSessionExample";
				PRODUCT_NAME = "$(TARGET_NAME)";
			};
			name = Release;
		};
/* End XCBuildConfiguration section */

/* Begin XCConfigurationList section */
		AAC09E041DD986E000A2EE6D /* Build configuration list for PBXProject "[1114]NSURLSessionExample" */ = {
			isa = XCConfigurationList;
			buildConfigurations = (
				AAC09E1E1DD986E100A2EE6D /* Debug */,
				AAC09E1F1DD986E100A2EE6D /* Release */,
			);
			defaultConfigurationIsVisible = 0;
			defaultConfigurationName = Release;
		};
		AAC09E201DD986E100A2EE6D /* Build configuration list for PBXNativeTarget "[1114]NSURLSessionExample" */ = {
			isa = XCConfigurationList;
			buildConfigurations = (
				AAC09E211DD986E100A2EE6D /* Debug */,
				AAC09E221DD986E100A2EE6D /* Release */,
			);
			defaultConfigurationIsVisible = 0;
		};
/* End XCConfigurationList section */
	};
	rootObject = AAC09E011DD986E000A2EE6D /* Project object */;
}
