// !$*UTF8*$!
{
	archiveVersion = 1;
	classes = {
	};
	objectVersion = 46;
	objects = {

/* Begin PBXBuildFile section */
		AACD02131DD1B0FC00D60524 /* main.m in Sources */ = {isa = PBXBuildFile; fileRef = AACD02121DD1B0FC00D60524 /* main.m */; };
		AACD02161DD1B0FC00D60524 /* AppDelegate.m in Sources */ = {isa = PBXBuildFile; fileRef = AACD02151DD1B0FC00D60524 /* AppDelegate.m */; };
		AACD02191DD1B0FC00D60524 /* ViewController.m in Sources */ = {isa = PBXBuildFile; fileRef = AACD02181DD1B0FC00D60524 /* ViewController.m */; };
		AACD021C1DD1B0FC00D60524 /* Main.storyboard in Resources */ = {isa = PBXBuildFile; fileRef = AACD021A1DD1B0FC00D60524 /* Main.storyboard */; };
		AACD021E1DD1B0FC00D60524 /* Assets.xcassets in Resources */ = {isa = PBXBuildFile; fileRef = AACD021D1DD1B0FC00D60524 /* Assets.xcassets */; };
		AACD02211DD1B0FC00D60524 /* LaunchScreen.storyboard in Resources */ = {isa = PBXBuildFile; fileRef = AACD021F1DD1B0FC00D60524 /* LaunchScreen.storyboard */; };
/* End PBXBuildFile section */

/* Begin PBXFileReference section */
		AACD020E1DD1B0FC00D60524 /* [1108]StrongWeakExample.app */ = {isa = PBXFileReference; explicitFileType = wrapper.application; includeInIndex = 0; path = "[1108]StrongWeakExample.app"; sourceTree = BUILT_PRODUCTS_DIR; };
		AACD02121DD1B0FC00D60524 /* main.m */ = {isa = PBXFileReference; lastKnownFileType = sourcecode.c.objc; path = main.m; sourceTree = "<group>"; };
		AACD02141DD1B0FC00D60524 /* AppDelegate.h */ = {isa = PBXFileReference; lastKnownFileType = sourcecode.c.h; path = AppDelegate.h; sourceTree = "<group>"; };
		AACD02151DD1B0FC00D60524 /* AppDelegate.m */ = {isa = PBXFileReference; lastKnownFileType = sourcecode.c.objc; path = AppDelegate.m; sourceTree = "<group>"; };
		AACD02171DD1B0FC00D60524 /* ViewController.h */ = {isa = PBXFileReference; lastKnownFileType = sourcecode.c.h; path = ViewController.h; sourceTree = "<group>"; };
		AACD02181DD1B0FC00D60524 /* ViewController.m */ = {isa = PBXFileReference; lastKnownFileType = sourcecode.c.objc; path = ViewController.m; sourceTree = "<group>"; };
		AACD021B1DD1B0FC00D60524 /* Base */ = {isa = PBXFileReference; lastKnownFileType = file.storyboard; name = Base; path = Base.lproj/Main.storyboard; sourceTree = "<group>"; };
		AACD021D1DD1B0FC00D60524 /* Assets.xcassets */ = {isa = PBXFileReference; lastKnownFileType = folder.assetcatalog; path = Assets.xcassets; sourceTree = "<group>"; };
		AACD02201DD1B0FC00D60524 /* Base */ = {isa = PBXFileReference; lastKnownFileType = file.storyboard; name = Base; path = Base.lproj/LaunchScreen.storyboard; sourceTree = "<group>"; };
		AACD02221DD1B0FC00D60524 /* Info.plist */ = {isa = PBXFileReference; lastKnownFileType = text.plist.xml; path = Info.plist; sourceTree = "<group>"; };
/* End PBXFileReference section */

/* Begin PBXFrameworksBuildPhase section */
		AACD020B1DD1B0FC00D60524 /* Frameworks */ = {
			isa = PBXFrameworksBuildPhase;
			buildActionMask = 2147483647;
			files = (
			);
			runOnlyForDeploymentPostprocessing = 0;
		};
/* End PBXFrameworksBuildPhase section */

/* Begin PBXGroup section */
		AACD02051DD1B0FC00D60524 = {
			isa = PBXGroup;
			children = (
				AACD02101DD1B0FC00D60524 /* [1108]StrongWeakExample */,
				AACD020F1DD1B0FC00D60524 /* Products */,
			);
			sourceTree = "<group>";
		};
		AACD020F1DD1B0FC00D60524 /* Products */ = {
			isa = PBXGroup;
			children = (
				AACD020E1DD1B0FC00D60524 /* [1108]StrongWeakExample.app */,
			);
			name = Products;
			sourceTree = "<group>";
		};
		AACD02101DD1B0FC00D60524 /* [1108]StrongWeakExample */ = {
			isa = PBXGroup;
			children = (
				AACD02141DD1B0FC00D60524 /* AppDelegate.h */,
				AACD02151DD1B0FC00D60524 /* AppDelegate.m */,
				AACD02171DD1B0FC00D60524 /* ViewController.h */,
				AACD02181DD1B0FC00D60524 /* ViewController.m */,
				AACD021A1DD1B0FC00D60524 /* Main.storyboard */,
				AACD021D1DD1B0FC00D60524 /* Assets.xcassets */,
				AACD021F1DD1B0FC00D60524 /* LaunchScreen.storyboard */,
				AACD02221DD1B0FC00D60524 /* Info.plist */,
				AACD02111DD1B0FC00D60524 /* Supporting Files */,
			);
			path = "[1108]StrongWeakExample";
			sourceTree = "<group>";
		};
		AACD02111DD1B0FC00D60524 /* Supporting Files */ = {
			isa = PBXGroup;
			children = (
				AACD02121DD1B0FC00D60524 /* main.m */,
			);
			name = "Supporting Files";
			sourceTree = "<group>";
		};
/* End PBXGroup section */

/* Begin PBXNativeTarget section */
		AACD020D1DD1B0FC00D60524 /* [1108]StrongWeakExample */ = {
			isa = PBXNativeTarget;
			buildConfigurationList = AACD02251DD1B0FC00D60524 /* Build configuration list for PBXNativeTarget "[1108]StrongWeakExample" */;
			buildPhases = (
				AACD020A1DD1B0FC00D60524 /* Sources */,
				AACD020B1DD1B0FC00D60524 /* Frameworks */,
				AACD020C1DD1B0FC00D60524 /* Resources */,
			);
			buildRules = (
			);
			dependencies = (
			);
			name = "[1108]StrongWeakExample";
			productName = "[1108]StrongWeakExample";
			productReference = AACD020E1DD1B0FC00D60524 /* [1108]StrongWeakExample.app */;
			productType = "com.apple.product-type.application";
		};
/* End PBXNativeTarget section */

/* Begin PBXProject section */
		AACD02061DD1B0FC00D60524 /* Project object */ = {
			isa = PBXProject;
			attributes = {
				LastUpgradeCheck = 0810;
				ORGANIZATIONNAME = iosSchool;
				TargetAttributes = {
					AACD020D1DD1B0FC00D60524 = {
						CreatedOnToolsVersion = 8.1;
						ProvisioningStyle = Automatic;
					};
				};
			};
			buildConfigurationList = AACD02091DD1B0FC00D60524 /* Build configuration list for PBXProject "[1108]StrongWeakExample" */;
			compatibilityVersion = "Xcode 3.2";
			developmentRegion = English;
			hasScannedForEncodings = 0;
			knownRegions = (
				en,
				Base,
			);
			mainGroup = AACD02051DD1B0FC00D60524;
			productRefGroup = AACD020F1DD1B0FC00D60524 /* Products */;
			projectDirPath = "";
			projectRoot = "";
			targets = (
				AACD020D1DD1B0FC00D60524 /* [1108]StrongWeakExample */,
			);
		};
/* End PBXProject section */

/* Begin PBXResourcesBuildPhase section */
		AACD020C1DD1B0FC00D60524 /* Resources */ = {
			isa = PBXResourcesBuildPhase;
			buildActionMask = 2147483647;
			files = (
				AACD02211DD1B0FC00D60524 /* LaunchScreen.storyboard in Resources */,
				AACD021E1DD1B0FC00D60524 /* Assets.xcassets in Resources */,
				AACD021C1DD1B0FC00D60524 /* Main.storyboard in Resources */,
			);
			runOnlyForDeploymentPostprocessing = 0;
		};
/* End PBXResourcesBuildPhase section */

/* Begin PBXSourcesBuildPhase section */
		AACD020A1DD1B0FC00D60524 /* Sources */ = {
			isa = PBXSourcesBuildPhase;
			buildActionMask = 2147483647;
			files = (
				AACD02191DD1B0FC00D60524 /* ViewController.m in Sources */,
				AACD02161DD1B0FC00D60524 /* AppDelegate.m in Sources */,
				AACD02131DD1B0FC00D60524 /* main.m in Sources */,
			);
			runOnlyForDeploymentPostprocessing = 0;
		};
/* End PBXSourcesBuildPhase section */

/* Begin PBXVariantGroup section */
		AACD021A1DD1B0FC00D60524 /* Main.storyboard */ = {
			isa = PBXVariantGroup;
			children = (
				AACD021B1DD1B0FC00D60524 /* Base */,
			);
			name = Main.storyboard;
			sourceTree = "<group>";
		};
		AACD021F1DD1B0FC00D60524 /* LaunchScreen.storyboard */ = {
			isa = PBXVariantGroup;
			children = (
				AACD02201DD1B0FC00D60524 /* Base */,
			);
			name = LaunchScreen.storyboard;
			sourceTree = "<group>";
		};
/* End PBXVariantGroup section */

/* Begin XCBuildConfiguration section */
		AACD02231DD1B0FC00D60524 /* Debug */ = {
			isa = XCBuildConfiguration;
			buildSettings = {
				ALWAYS_SEARCH_USER_PATHS = NO;
				CLANG_ANALYZER_NONNULL = YES;
				CLANG_CXX_LANGUAGE_STANDARD = "gnu++0x";
				CLANG_CXX_LIBRARY = "libc++";
				CLANG_ENABLE_MODULES = YES;
				CLANG_ENABLE_OBJC_ARC = YES;
				CLANG_WARN_BOOL_CONVERSION = YES;
				CLANG_WARN_CONSTANT_CONVERSION = YES;
				CLANG_WARN_DIRECT_OBJC_ISA_USAGE = YES_ERROR;
				CLANG_WARN_DOCUMENTATION_COMMENTS = YES;
				CLANG_WARN_EMPTY_BODY = YES;
				CLANG_WARN_ENUM_CONVERSION = YES;
				CLANG_WARN_INFINITE_RECURSION = YES;
				CLANG_WARN_INT_CONVERSION = YES;
				CLANG_WARN_OBJC_ROOT_CLASS = YES_ERROR;
				CLANG_WARN_SUSPICIOUS_MOVES = YES;
				CLANG_WARN_UNREACHABLE_CODE = YES;
				CLANG_WARN__DUPLICATE_METHOD_MATCH = YES;
				"CODE_SIGN_IDENTITY[sdk=iphoneos*]" = "iPhone Developer";
				COPY_PHASE_STRIP = NO;
				DEBUG_INFORMATION_FORMAT = dwarf;
				ENABLE_STRICT_OBJC_MSGSEND = YES;
				ENABLE_TESTABILITY = YES;
				GCC_C_LANGUAGE_STANDARD = gnu99;
				GCC_DYNAMIC_NO_PIC = NO;
				GCC_NO_COMMON_BLOCKS = YES;
				GCC_OPTIMIZATION_LEVEL = 0;
				GCC_PREPROCESSOR_DEFINITIONS = (
					"DEBUG=1",
					"$(inherited)",
				);
				GCC_WARN_64_TO_32_BIT_CONVERSION = YES;
				GCC_WARN_ABOUT_RETURN_TYPE = YES_ERROR;
				GCC_WARN_UNDECLARED_SELECTOR = YES;
				GCC_WARN_UNINITIALIZED_AUTOS = YES_AGGRESSIVE;
				GCC_WARN_UNUSED_FUNCTION = YES;
				GCC_WARN_UNUSED_VARIABLE = YES;
				IPHONEOS_DEPLOYMENT_TARGET = 10.1;
				MTL_ENABLE_DEBUG_INFO = YES;
				ONLY_ACTIVE_ARCH = YES;
				SDKROOT = iphoneos;
			};
			name = Debug;
		};
		AACD02241DD1B0FC00D60524 /* Release */ = {
			isa = XCBuildConfiguration;
			buildSettings = {
				ALWAYS_SEARCH_USER_PATHS = NO;
				CLANG_ANALYZER_NONNULL = YES;
				CLANG_CXX_LANGUAGE_STANDARD = "gnu++0x";
				CLANG_CXX_LIBRARY = "libc++";
				CLANG_ENABLE_MODULES = YES;
				CLANG_ENABLE_OBJC_ARC = YES;
				CLANG_WARN_BOOL_CONVERSION = YES;
				CLANG_WARN_CONSTANT_CONVERSION = YES;
				CLANG_WARN_DIRECT_OBJC_ISA_USAGE = YES_ERROR;
				CLANG_WARN_DOCUMENTATION_COMMENTS = YES;
				CLANG_WARN_EMPTY_BODY = YES;
				CLANG_WARN_ENUM_CONVERSION = YES;
				CLANG_WARN_INFINITE_RECURSION = YES;
				CLANG_WARN_INT_CONVERSION = YES;
				CLANG_WARN_OBJC_ROOT_CLASS = YES_ERROR;
				CLANG_WARN_SUSPICIOUS_MOVES = YES;
				CLANG_WARN_UNREACHABLE_CODE = YES;
				CLANG_WARN__DUPLICATE_METHOD_MATCH = YES;
				"CODE_SIGN_IDENTITY[sdk=iphoneos*]" = "iPhone Developer";
				COPY_PHASE_STRIP = NO;
				DEBUG_INFORMATION_FORMAT = "dwarf-with-dsym";
				ENABLE_NS_ASSERTIONS = NO;
				ENABLE_STRICT_OBJC_MSGSEND = YES;
				GCC_C_LANGUAGE_STANDARD = gnu99;
				GCC_NO_COMMON_BLOCKS = YES;
				GCC_WARN_64_TO_32_BIT_CONVERSION = YES;
				GCC_WARN_ABOUT_RETURN_TYPE = YES_ERROR;
				GCC_WARN_UNDECLARED_SELECTOR = YES;
				GCC_WARN_UNINITIALIZED_AUTOS = YES_AGGRESSIVE;
				GCC_WARN_UNUSED_FUNCTION = YES;
				GCC_WARN_UNUSED_VARIABLE = YES;
				IPHONEOS_DEPLOYMENT_TARGET = 10.1;
				MTL_ENABLE_DEBUG_INFO = NO;
				SDKROOT = iphoneos;
				VALIDATE_PRODUCT = YES;
			};
			name = Release;
		};
		AACD02261DD1B0FC00D60524 /* Debug */ = {
			isa = XCBuildConfiguration;
			buildSettings = {
				ASSETCATALOG_COMPILER_APPICON_NAME = AppIcon;
				INFOPLIST_FILE = "[1108]StrongWeakExample/Info.plist";
				LD_RUNPATH_SEARCH_PATHS = "$(inherited) @executable_path/Frameworks";
				PRODUCT_BUNDLE_IDENTIFIER = "com.celeste.-1108-StrongWeakExample";
				PRODUCT_NAME = "$(TARGET_NAME)";
			};
			name = Debug;
		};
		AACD02271DD1B0FC00D60524 /* Release */ = {
			isa = XCBuildConfiguration;
			buildSettings = {
				ASSETCATALOG_COMPILER_APPICON_NAME = AppIcon;
				INFOPLIST_FILE = "[1108]StrongWeakExample/Info.plist";
				LD_RUNPATH_SEARCH_PATHS = "$(inherited) @executable_path/Frameworks";
				PRODUCT_BUNDLE_IDENTIFIER = "com.celeste.-1108-StrongWeakExample";
				PRODUCT_NAME = "$(TARGET_NAME)";
			};
			name = Release;
		};
/* End XCBuildConfiguration section */

/* Begin XCConfigurationList section */
		AACD02091DD1B0FC00D60524 /* Build configuration list for PBXProject "[1108]StrongWeakExample" */ = {
			isa = XCConfigurationList;
			buildConfigurations = (
				AACD02231DD1B0FC00D60524 /* Debug */,
				AACD02241DD1B0FC00D60524 /* Release */,
			);
			defaultConfigurationIsVisible = 0;
			defaultConfigurationName = Release;
		};
		AACD02251DD1B0FC00D60524 /* Build configuration list for PBXNativeTarget "[1108]StrongWeakExample" */ = {
			isa = XCConfigurationList;
			buildConfigurations = (
				AACD02261DD1B0FC00D60524 /* Debug */,
				AACD02271DD1B0FC00D60524 /* Release */,
			);
			defaultConfigurationIsVisible = 0;
		};
/* End XCConfigurationList section */
	};
	rootObject = AACD02061DD1B0FC00D60524 /* Project object */;
}
