// !$*UTF8*$!
{
	archiveVersion = 1;
	classes = {
	};
	objectVersion = 46;
	objects = {

/* Begin PBXBuildFile section */
		AA2B58211DE2D1490075A3FC /* main.m in Sources */ = {isa = PBXBuildFile; fileRef = AA2B58201DE2D1490075A3FC /* main.m */; };
		AA2B58241DE2D1490075A3FC /* AppDelegate.m in Sources */ = {isa = PBXBuildFile; fileRef = AA2B58231DE2D1490075A3FC /* AppDelegate.m */; };
		AA2B58271DE2D1490075A3FC /* ViewController.m in Sources */ = {isa = PBXBuildFile; fileRef = AA2B58261DE2D1490075A3FC /* ViewController.m */; };
		AA2B582A1DE2D1490075A3FC /* Main.storyboard in Resources */ = {isa = PBXBuildFile; fileRef = AA2B58281DE2D1490075A3FC /* Main.storyboard */; };
		AA2B582C1DE2D1490075A3FC /* Assets.xcassets in Resources */ = {isa = PBXBuildFile; fileRef = AA2B582B1DE2D1490075A3FC /* Assets.xcassets */; };
		AA2B582F1DE2D1490075A3FC /* LaunchScreen.storyboard in Resources */ = {isa = PBXBuildFile; fileRef = AA2B582D1DE2D1490075A3FC /* LaunchScreen.storyboard */; };
		AA2B58371DE2E1010075A3FC /* naver.png in Resources */ = {isa = PBXBuildFile; fileRef = AA2B58361DE2E1010075A3FC /* naver.png */; };
		AA2B583A1DE2E16A0075A3FC /* TableViewCell.m in Sources */ = {isa = PBXBuildFile; fileRef = AA2B58391DE2E16A0075A3FC /* TableViewCell.m */; };
		AA2B583D1DE2E5360075A3FC /* SecondViewController.m in Sources */ = {isa = PBXBuildFile; fileRef = AA2B583C1DE2E5360075A3FC /* SecondViewController.m */; };
		AA2B58401DE2EA8C0075A3FC /* MapViewController.m in Sources */ = {isa = PBXBuildFile; fileRef = AA2B583F1DE2EA8C0075A3FC /* MapViewController.m */; };
		AA2B58431DE2EAC30075A3FC /* MapKit.framework in Frameworks */ = {isa = PBXBuildFile; fileRef = AA2B58421DE2EAC30075A3FC /* MapKit.framework */; };
		AA2B58451DE2EACB0075A3FC /* CoreLocation.framework in Frameworks */ = {isa = PBXBuildFile; fileRef = AA2B58441DE2EACB0075A3FC /* CoreLocation.framework */; };
/* End PBXBuildFile section */

/* Begin PBXFileReference section */
		AA2B581C1DE2D1490075A3FC /* [1121]CutomViewStoryBoard.app */ = {isa = PBXFileReference; explicitFileType = wrapper.application; includeInIndex = 0; path = "[1121]CutomViewStoryBoard.app"; sourceTree = BUILT_PRODUCTS_DIR; };
		AA2B58201DE2D1490075A3FC /* main.m */ = {isa = PBXFileReference; lastKnownFileType = sourcecode.c.objc; path = main.m; sourceTree = "<group>"; };
		AA2B58221DE2D1490075A3FC /* AppDelegate.h */ = {isa = PBXFileReference; lastKnownFileType = sourcecode.c.h; path = AppDelegate.h; sourceTree = "<group>"; };
		AA2B58231DE2D1490075A3FC /* AppDelegate.m */ = {isa = PBXFileReference; lastKnownFileType = sourcecode.c.objc; path = AppDelegate.m; sourceTree = "<group>"; };
		AA2B58251DE2D1490075A3FC /* ViewController.h */ = {isa = PBXFileReference; lastKnownFileType = sourcecode.c.h; path = ViewController.h; sourceTree = "<group>"; };
		AA2B58261DE2D1490075A3FC /* ViewController.m */ = {isa = PBXFileReference; lastKnownFileType = sourcecode.c.objc; path = ViewController.m; sourceTree = "<group>"; };
		AA2B58291DE2D1490075A3FC /* Base */ = {isa = PBXFileReference; lastKnownFileType = file.storyboard; name = Base; path = Base.lproj/Main.storyboard; sourceTree = "<group>"; };
		AA2B582B1DE2D1490075A3FC /* Assets.xcassets */ = {isa = PBXFileReference; lastKnownFileType = folder.assetcatalog; path = Assets.xcassets; sourceTree = "<group>"; };
		AA2B582E1DE2D1490075A3FC /* Base */ = {isa = PBXFileReference; lastKnownFileType = file.storyboard; name = Base; path = Base.lproj/LaunchScreen.storyboard; sourceTree = "<group>"; };
		AA2B58301DE2D1490075A3FC /* Info.plist */ = {isa = PBXFileReference; lastKnownFileType = text.plist.xml; path = Info.plist; sourceTree = "<group>"; };
		AA2B58361DE2E1010075A3FC /* naver.png */ = {isa = PBXFileReference; lastKnownFileType = image.png; path = naver.png; sourceTree = "<group>"; };
		AA2B58381DE2E16A0075A3FC /* TableViewCell.h */ = {isa = PBXFileReference; fileEncoding = 4; lastKnownFileType = sourcecode.c.h; path = TableViewCell.h; sourceTree = "<group>"; };
		AA2B58391DE2E16A0075A3FC /* TableViewCell.m */ = {isa = PBXFileReference; fileEncoding = 4; lastKnownFileType = sourcecode.c.objc; path = TableViewCell.m; sourceTree = "<group>"; };
		AA2B583B1DE2E5360075A3FC /* SecondViewController.h */ = {isa = PBXFileReference; fileEncoding = 4; lastKnownFileType = sourcecode.c.h; path = SecondViewController.h; sourceTree = "<group>"; };
		AA2B583C1DE2E5360075A3FC /* SecondViewController.m */ = {isa = PBXFileReference; fileEncoding = 4; lastKnownFileType = sourcecode.c.objc; path = SecondViewController.m; sourceTree = "<group>"; };
		AA2B583E1DE2EA8C0075A3FC /* MapViewController.h */ = {isa = PBXFileReference; fileEncoding = 4; lastKnownFileType = sourcecode.c.h; path = MapViewController.h; sourceTree = "<group>"; };
		AA2B583F1DE2EA8C0075A3FC /* MapViewController.m */ = {isa = PBXFileReference; fileEncoding = 4; lastKnownFileType = sourcecode.c.objc; path = MapViewController.m; sourceTree = "<group>"; };
		AA2B58421DE2EAC30075A3FC /* MapKit.framework */ = {isa = PBXFileReference; lastKnownFileType = wrapper.framework; name = MapKit.framework; path = System/Library/Frameworks/MapKit.framework; sourceTree = SDKROOT; };
		AA2B58441DE2EACB0075A3FC /* CoreLocation.framework */ = {isa = PBXFileReference; lastKnownFileType = wrapper.framework; name = CoreLocation.framework; path = System/Library/Frameworks/CoreLocation.framework; sourceTree = SDKROOT; };
/* End PBXFileReference section */

/* Begin PBXFrameworksBuildPhase section */
		AA2B58191DE2D1490075A3FC /* Frameworks */ = {
			isa = PBXFrameworksBuildPhase;
			buildActionMask = 2147483647;
			files = (
				AA2B58451DE2EACB0075A3FC /* CoreLocation.framework in Frameworks */,
				AA2B58431DE2EAC30075A3FC /* MapKit.framework in Frameworks */,
			);
			runOnlyForDeploymentPostprocessing = 0;
		};
/* End PBXFrameworksBuildPhase section */

/* Begin PBXGroup section */
		AA2B58131DE2D1490075A3FC = {
			isa = PBXGroup;
			children = (
				AA2B581E1DE2D1490075A3FC /* [1121]CutomViewStoryBoard */,
				AA2B581D1DE2D1490075A3FC /* Products */,
				AA2B58411DE2EAC30075A3FC /* Frameworks */,
			);
			sourceTree = "<group>";
		};
		AA2B581D1DE2D1490075A3FC /* Products */ = {
			isa = PBXGroup;
			children = (
				AA2B581C1DE2D1490075A3FC /* [1121]CutomViewStoryBoard.app */,
			);
			name = Products;
			sourceTree = "<group>";
		};
		AA2B581E1DE2D1490075A3FC /* [1121]CutomViewStoryBoard */ = {
			isa = PBXGroup;
			children = (
				AA2B58221DE2D1490075A3FC /* AppDelegate.h */,
				AA2B58231DE2D1490075A3FC /* AppDelegate.m */,
				AA2B58251DE2D1490075A3FC /* ViewController.h */,
				AA2B58261DE2D1490075A3FC /* ViewController.m */,
				AA2B583B1DE2E5360075A3FC /* SecondViewController.h */,
				AA2B583C1DE2E5360075A3FC /* SecondViewController.m */,
				AA2B58381DE2E16A0075A3FC /* TableViewCell.h */,
				AA2B58391DE2E16A0075A3FC /* TableViewCell.m */,
				AA2B58281DE2D1490075A3FC /* Main.storyboard */,
				AA2B583E1DE2EA8C0075A3FC /* MapViewController.h */,
				AA2B583F1DE2EA8C0075A3FC /* MapViewController.m */,
				AA2B582B1DE2D1490075A3FC /* Assets.xcassets */,
				AA2B582D1DE2D1490075A3FC /* LaunchScreen.storyboard */,
				AA2B58301DE2D1490075A3FC /* Info.plist */,
				AA2B58361DE2E1010075A3FC /* naver.png */,
				AA2B581F1DE2D1490075A3FC /* Supporting Files */,
			);
			path = "[1121]CutomViewStoryBoard";
			sourceTree = "<group>";
		};
		AA2B581F1DE2D1490075A3FC /* Supporting Files */ = {
			isa = PBXGroup;
			children = (
				AA2B58201DE2D1490075A3FC /* main.m */,
			);
			name = "Supporting Files";
			sourceTree = "<group>";
		};
		AA2B58411DE2EAC30075A3FC /* Frameworks */ = {
			isa = PBXGroup;
			children = (
				AA2B58441DE2EACB0075A3FC /* CoreLocation.framework */,
				AA2B58421DE2EAC30075A3FC /* MapKit.framework */,
			);
			name = Frameworks;
			sourceTree = "<group>";
		};
/* End PBXGroup section */

/* Begin PBXNativeTarget section */
		AA2B581B1DE2D1490075A3FC /* [1121]CutomViewStoryBoard */ = {
			isa = PBXNativeTarget;
			buildConfigurationList = AA2B58331DE2D1490075A3FC /* Build configuration list for PBXNativeTarget "[1121]CutomViewStoryBoard" */;
			buildPhases = (
				AA2B58181DE2D1490075A3FC /* Sources */,
				AA2B58191DE2D1490075A3FC /* Frameworks */,
				AA2B581A1DE2D1490075A3FC /* Resources */,
			);
			buildRules = (
			);
			dependencies = (
			);
			name = "[1121]CutomViewStoryBoard";
			productName = "[1121]CutomViewStoryBoard";
			productReference = AA2B581C1DE2D1490075A3FC /* [1121]CutomViewStoryBoard.app */;
			productType = "com.apple.product-type.application";
		};
/* End PBXNativeTarget section */

/* Begin PBXProject section */
		AA2B58141DE2D1490075A3FC /* Project object */ = {
			isa = PBXProject;
			attributes = {
				LastUpgradeCheck = 0810;
				ORGANIZATIONNAME = iosSchool;
				TargetAttributes = {
					AA2B581B1DE2D1490075A3FC = {
						CreatedOnToolsVersion = 8.1;
						ProvisioningStyle = Automatic;
					};
				};
			};
			buildConfigurationList = AA2B58171DE2D1490075A3FC /* Build configuration list for PBXProject "[1121]CutomViewStoryBoard" */;
			compatibilityVersion = "Xcode 3.2";
			developmentRegion = English;
			hasScannedForEncodings = 0;
			knownRegions = (
				en,
				Base,
			);
			mainGroup = AA2B58131DE2D1490075A3FC;
			productRefGroup = AA2B581D1DE2D1490075A3FC /* Products */;
			projectDirPath = "";
			projectRoot = "";
			targets = (
				AA2B581B1DE2D1490075A3FC /* [1121]CutomViewStoryBoard */,
			);
		};
/* End PBXProject section */

/* Begin PBXResourcesBuildPhase section */
		AA2B581A1DE2D1490075A3FC /* Resources */ = {
			isa = PBXResourcesBuildPhase;
			buildActionMask = 2147483647;
			files = (
				AA2B58371DE2E1010075A3FC /* naver.png in Resources */,
				AA2B582F1DE2D1490075A3FC /* LaunchScreen.storyboard in Resources */,
				AA2B582C1DE2D1490075A3FC /* Assets.xcassets in Resources */,
				AA2B582A1DE2D1490075A3FC /* Main.storyboard in Resources */,
			);
			runOnlyForDeploymentPostprocessing = 0;
		};
/* End PBXResourcesBuildPhase section */

/* Begin PBXSourcesBuildPhase section */
		AA2B58181DE2D1490075A3FC /* Sources */ = {
			isa = PBXSourcesBuildPhase;
			buildActionMask = 2147483647;
			files = (
				AA2B583D1DE2E5360075A3FC /* SecondViewController.m in Sources */,
				AA2B58271DE2D1490075A3FC /* ViewController.m in Sources */,
				AA2B583A1DE2E16A0075A3FC /* TableViewCell.m in Sources */,
				AA2B58401DE2EA8C0075A3FC /* MapViewController.m in Sources */,
				AA2B58241DE2D1490075A3FC /* AppDelegate.m in Sources */,
				AA2B58211DE2D1490075A3FC /* main.m in Sources */,
			);
			runOnlyForDeploymentPostprocessing = 0;
		};
/* End PBXSourcesBuildPhase section */

/* Begin PBXVariantGroup section */
		AA2B58281DE2D1490075A3FC /* Main.storyboard */ = {
			isa = PBXVariantGroup;
			children = (
				AA2B58291DE2D1490075A3FC /* Base */,
			);
			name = Main.storyboard;
			sourceTree = "<group>";
		};
		AA2B582D1DE2D1490075A3FC /* LaunchScreen.storyboard */ = {
			isa = PBXVariantGroup;
			children = (
				AA2B582E1DE2D1490075A3FC /* Base */,
			);
			name = LaunchScreen.storyboard;
			sourceTree = "<group>";
		};
/* End PBXVariantGroup section */

/* Begin XCBuildConfiguration section */
		AA2B58311DE2D1490075A3FC /* Debug */ = {
			isa = XCBuildConfiguration;
			buildSettings = {
				ALWAYS_SEARCH_USER_PATHS = NO;
				CLANG_ANALYZER_NONNULL = YES;
				CLANG_CXX_LANGUAGE_STANDARD = "gnu++0x";
				CLANG_CXX_LIBRARY = "libc++";
				CLANG_ENABLE_MODULES = YES;
				CLANG_ENABLE_OBJC_ARC = YES;
				CLANG_WARN_BOOL_CONVERSION = YES;
				CLANG_WARN_CONSTANT_CONVERSION = YES;
				CLANG_WARN_DIRECT_OBJC_ISA_USAGE = YES_ERROR;
				CLANG_WARN_DOCUMENTATION_COMMENTS = YES;
				CLANG_WARN_EMPTY_BODY = YES;
				CLANG_WARN_ENUM_CONVERSION = YES;
				CLANG_WARN_INFINITE_RECURSION = YES;
				CLANG_WARN_INT_CONVERSION = YES;
				CLANG_WARN_OBJC_ROOT_CLASS = YES_ERROR;
				CLANG_WARN_SUSPICIOUS_MOVES = YES;
				CLANG_WARN_UNREACHABLE_CODE = YES;
				CLANG_WARN__DUPLICATE_METHOD_MATCH = YES;
				"CODE_SIGN_IDENTITY[sdk=iphoneos*]" = "iPhone Developer";
				COPY_PHASE_STRIP = NO;
				DEBUG_INFORMATION_FORMAT = dwarf;
				ENABLE_STRICT_OBJC_MSGSEND = YES;
				ENABLE_TESTABILITY = YES;
				GCC_C_LANGUAGE_STANDARD = gnu99;
				GCC_DYNAMIC_NO_PIC = NO;
				GCC_NO_COMMON_BLOCKS = YES;
				GCC_OPTIMIZATION_LEVEL = 0;
				GCC_PREPROCESSOR_DEFINITIONS = (
					"DEBUG=1",
					"$(inherited)",
				);
				GCC_WARN_64_TO_32_BIT_CONVERSION = YES;
				GCC_WARN_ABOUT_RETURN_TYPE = YES_ERROR;
				GCC_WARN_UNDECLARED_SELECTOR = YES;
				GCC_WARN_UNINITIALIZED_AUTOS = YES_AGGRESSIVE;
				GCC_WARN_UNUSED_FUNCTION = YES;
				GCC_WARN_UNUSED_VARIABLE = YES;
				IPHONEOS_DEPLOYMENT_TARGET = 10.1;
				MTL_ENABLE_DEBUG_INFO = YES;
				ONLY_ACTIVE_ARCH = YES;
				SDKROOT = iphoneos;
			};
			name = Debug;
		};
		AA2B58321DE2D1490075A3FC /* Release */ = {
			isa = XCBuildConfiguration;
			buildSettings = {
				ALWAYS_SEARCH_USER_PATHS = NO;
				CLANG_ANALYZER_NONNULL = YES;
				CLANG_CXX_LANGUAGE_STANDARD = "gnu++0x";
				CLANG_CXX_LIBRARY = "libc++";
				CLANG_ENABLE_MODULES = YES;
				CLANG_ENABLE_OBJC_ARC = YES;
				CLANG_WARN_BOOL_CONVERSION = YES;
				CLANG_WARN_CONSTANT_CONVERSION = YES;
				CLANG_WARN_DIRECT_OBJC_ISA_USAGE = YES_ERROR;
				CLANG_WARN_DOCUMENTATION_COMMENTS = YES;
				CLANG_WARN_EMPTY_BODY = YES;
				CLANG_WARN_ENUM_CONVERSION = YES;
				CLANG_WARN_INFINITE_RECURSION = YES;
				CLANG_WARN_INT_CONVERSION = YES;
				CLANG_WARN_OBJC_ROOT_CLASS = YES_ERROR;
				CLANG_WARN_SUSPICIOUS_MOVES = YES;
				CLANG_WARN_UNREACHABLE_CODE = YES;
				CLANG_WARN__DUPLICATE_METHOD_MATCH = YES;
				"CODE_SIGN_IDENTITY[sdk=iphoneos*]" = "iPhone Developer";
				COPY_PHASE_STRIP = NO;
				DEBUG_INFORMATION_FORMAT = "dwarf-with-dsym";
				ENABLE_NS_ASSERTIONS = NO;
				ENABLE_STRICT_OBJC_MSGSEND = YES;
				GCC_C_LANGUAGE_STANDARD = gnu99;
				GCC_NO_COMMON_BLOCKS = YES;
				GCC_WARN_64_TO_32_BIT_CONVERSION = YES;
				GCC_WARN_ABOUT_RETURN_TYPE = YES_ERROR;
				GCC_WARN_UNDECLARED_SELECTOR = YES;
				GCC_WARN_UNINITIALIZED_AUTOS = YES_AGGRESSIVE;
				GCC_WARN_UNUSED_FUNCTION = YES;
				GCC_WARN_UNUSED_VARIABLE = YES;
				IPHONEOS_DEPLOYMENT_TARGET = 10.1;
				MTL_ENABLE_DEBUG_INFO = NO;
				SDKROOT = iphoneos;
				VALIDATE_PRODUCT = YES;
			};
			name = Release;
		};
		AA2B58341DE2D1490075A3FC /* Debug */ = {
			isa = XCBuildConfiguration;
			buildSettings = {
				ASSETCATALOG_COMPILER_APPICON_NAME = AppIcon;
				INFOPLIST_FILE = "[1121]CutomViewStoryBoard/Info.plist";
				LD_RUNPATH_SEARCH_PATHS = "$(inherited) @executable_path/Frameworks";
				PRODUCT_BUNDLE_IDENTIFIER = "com.celeste.-1121-CutomViewStoryBoard";
				PRODUCT_NAME = "$(TARGET_NAME)";
			};
			name = Debug;
		};
		AA2B58351DE2D1490075A3FC /* Release */ = {
			isa = XCBuildConfiguration;
			buildSettings = {
				ASSETCATALOG_COMPILER_APPICON_NAME = AppIcon;
				INFOPLIST_FILE = "[1121]CutomViewStoryBoard/Info.plist";
				LD_RUNPATH_SEARCH_PATHS = "$(inherited) @executable_path/Frameworks";
				PRODUCT_BUNDLE_IDENTIFIER = "com.celeste.-1121-CutomViewStoryBoard";
				PRODUCT_NAME = "$(TARGET_NAME)";
			};
			name = Release;
		};
/* End XCBuildConfiguration section */

/* Begin XCConfigurationList section */
		AA2B58171DE2D1490075A3FC /* Build configuration list for PBXProject "[1121]CutomViewStoryBoard" */ = {
			isa = XCConfigurationList;
			buildConfigurations = (
				AA2B58311DE2D1490075A3FC /* Debug */,
				AA2B58321DE2D1490075A3FC /* Release */,
			);
			defaultConfigurationIsVisible = 0;
			defaultConfigurationName = Release;
		};
		AA2B58331DE2D1490075A3FC /* Build configuration list for PBXNativeTarget "[1121]CutomViewStoryBoard" */ = {
			isa = XCConfigurationList;
			buildConfigurations = (
				AA2B58341DE2D1490075A3FC /* Debug */,
				AA2B58351DE2D1490075A3FC /* Release */,
			);
			defaultConfigurationIsVisible = 0;
			defaultConfigurationName = Release;
		};
/* End XCConfigurationList section */
	};
	rootObject = AA2B58141DE2D1490075A3FC /* Project object */;
}
