// !$*UTF8*$!
{
	archiveVersion = 1;
	classes = {
	};
	objectVersion = 46;
	objects = {

/* Begin PBXBuildFile section */
		AAC9339A1DD55F1F00FB65C2 /* main.m in Sources */ = {isa = PBXBuildFile; fileRef = AAC933991DD55F1F00FB65C2 /* main.m */; };
		AAC9339D1DD55F1F00FB65C2 /* AppDelegate.m in Sources */ = {isa = PBXBuildFile; fileRef = AAC9339C1DD55F1F00FB65C2 /* AppDelegate.m */; };
		AAC933A01DD55F1F00FB65C2 /* ViewController.m in Sources */ = {isa = PBXBuildFile; fileRef = AAC9339F1DD55F1F00FB65C2 /* ViewController.m */; };
		AAC933A31DD55F1F00FB65C2 /* Main.storyboard in Resources */ = {isa = PBXBuildFile; fileRef = AAC933A11DD55F1F00FB65C2 /* Main.storyboard */; };
		AAC933A51DD55F1F00FB65C2 /* Assets.xcassets in Resources */ = {isa = PBXBuildFile; fileRef = AAC933A41DD55F1F00FB65C2 /* Assets.xcassets */; };
		AAC933A81DD55F1F00FB65C2 /* LaunchScreen.storyboard in Resources */ = {isa = PBXBuildFile; fileRef = AAC933A61DD55F1F00FB65C2 /* LaunchScreen.storyboard */; };
/* End PBXBuildFile section */

/* Begin PBXFileReference section */
		AAC933951DD55F1F00FB65C2 /* [1111]ThreadExamole.app */ = {isa = PBXFileReference; explicitFileType = wrapper.application; includeInIndex = 0; path = "[1111]ThreadExamole.app"; sourceTree = BUILT_PRODUCTS_DIR; };
		AAC933991DD55F1F00FB65C2 /* main.m */ = {isa = PBXFileReference; lastKnownFileType = sourcecode.c.objc; path = main.m; sourceTree = "<group>"; };
		AAC9339B1DD55F1F00FB65C2 /* AppDelegate.h */ = {isa = PBXFileReference; lastKnownFileType = sourcecode.c.h; path = AppDelegate.h; sourceTree = "<group>"; };
		AAC9339C1DD55F1F00FB65C2 /* AppDelegate.m */ = {isa = PBXFileReference; lastKnownFileType = sourcecode.c.objc; path = AppDelegate.m; sourceTree = "<group>"; };
		AAC9339E1DD55F1F00FB65C2 /* ViewController.h */ = {isa = PBXFileReference; lastKnownFileType = sourcecode.c.h; path = ViewController.h; sourceTree = "<group>"; };
		AAC9339F1DD55F1F00FB65C2 /* ViewController.m */ = {isa = PBXFileReference; lastKnownFileType = sourcecode.c.objc; path = ViewController.m; sourceTree = "<group>"; };
		AAC933A21DD55F1F00FB65C2 /* Base */ = {isa = PBXFileReference; lastKnownFileType = file.storyboard; name = Base; path = Base.lproj/Main.storyboard; sourceTree = "<group>"; };
		AAC933A41DD55F1F00FB65C2 /* Assets.xcassets */ = {isa = PBXFileReference; lastKnownFileType = folder.assetcatalog; path = Assets.xcassets; sourceTree = "<group>"; };
		AAC933A71DD55F1F00FB65C2 /* Base */ = {isa = PBXFileReference; lastKnownFileType = file.storyboard; name = Base; path = Base.lproj/LaunchScreen.storyboard; sourceTree = "<group>"; };
		AAC933A91DD55F1F00FB65C2 /* Info.plist */ = {isa = PBXFileReference; lastKnownFileType = text.plist.xml; path = Info.plist; sourceTree = "<group>"; };
/* End PBXFileReference section */

/* Begin PBXFrameworksBuildPhase section */
		AAC933921DD55F1F00FB65C2 /* Frameworks */ = {
			isa = PBXFrameworksBuildPhase;
			buildActionMask = 2147483647;
			files = (
			);
			runOnlyForDeploymentPostprocessing = 0;
		};
/* End PBXFrameworksBuildPhase section */

/* Begin PBXGroup section */
		AAC9338C1DD55F1F00FB65C2 = {
			isa = PBXGroup;
			children = (
				AAC933971DD55F1F00FB65C2 /* [1111]ThreadExamole */,
				AAC933961DD55F1F00FB65C2 /* Products */,
			);
			sourceTree = "<group>";
		};
		AAC933961DD55F1F00FB65C2 /* Products */ = {
			isa = PBXGroup;
			children = (
				AAC933951DD55F1F00FB65C2 /* [1111]ThreadExamole.app */,
			);
			name = Products;
			sourceTree = "<group>";
		};
		AAC933971DD55F1F00FB65C2 /* [1111]ThreadExamole */ = {
			isa = PBXGroup;
			children = (
				AAC9339B1DD55F1F00FB65C2 /* AppDelegate.h */,
				AAC9339C1DD55F1F00FB65C2 /* AppDelegate.m */,
				AAC9339E1DD55F1F00FB65C2 /* ViewController.h */,
				AAC9339F1DD55F1F00FB65C2 /* ViewController.m */,
				AAC933A11DD55F1F00FB65C2 /* Main.storyboard */,
				AAC933A41DD55F1F00FB65C2 /* Assets.xcassets */,
				AAC933A61DD55F1F00FB65C2 /* LaunchScreen.storyboard */,
				AAC933A91DD55F1F00FB65C2 /* Info.plist */,
				AAC933981DD55F1F00FB65C2 /* Supporting Files */,
			);
			path = "[1111]ThreadExamole";
			sourceTree = "<group>";
		};
		AAC933981DD55F1F00FB65C2 /* Supporting Files */ = {
			isa = PBXGroup;
			children = (
				AAC933991DD55F1F00FB65C2 /* main.m */,
			);
			name = "Supporting Files";
			sourceTree = "<group>";
		};
/* End PBXGroup section */

/* Begin PBXNativeTarget section */
		AAC933941DD55F1F00FB65C2 /* [1111]ThreadExamole */ = {
			isa = PBXNativeTarget;
			buildConfigurationList = AAC933AC1DD55F1F00FB65C2 /* Build configuration list for PBXNativeTarget "[1111]ThreadExamole" */;
			buildPhases = (
				AAC933911DD55F1F00FB65C2 /* Sources */,
				AAC933921DD55F1F00FB65C2 /* Frameworks */,
				AAC933931DD55F1F00FB65C2 /* Resources */,
			);
			buildRules = (
			);
			dependencies = (
			);
			name = "[1111]ThreadExamole";
			productName = "[1111]ThreadExamole";
			productReference = AAC933951DD55F1F00FB65C2 /* [1111]ThreadExamole.app */;
			productType = "com.apple.product-type.application";
		};
/* End PBXNativeTarget section */

/* Begin PBXProject section */
		AAC9338D1DD55F1F00FB65C2 /* Project object */ = {
			isa = PBXProject;
			attributes = {
				LastUpgradeCheck = 0810;
				ORGANIZATIONNAME = iosSchool;
				TargetAttributes = {
					AAC933941DD55F1F00FB65C2 = {
						CreatedOnToolsVersion = 8.1;
						ProvisioningStyle = Automatic;
					};
				};
			};
			buildConfigurationList = AAC933901DD55F1F00FB65C2 /* Build configuration list for PBXProject "[1111]ThreadExamole" */;
			compatibilityVersion = "Xcode 3.2";
			developmentRegion = English;
			hasScannedForEncodings = 0;
			knownRegions = (
				en,
				Base,
			);
			mainGroup = AAC9338C1DD55F1F00FB65C2;
			productRefGroup = AAC933961DD55F1F00FB65C2 /* Products */;
			projectDirPath = "";
			projectRoot = "";
			targets = (
				AAC933941DD55F1F00FB65C2 /* [1111]ThreadExamole */,
			);
		};
/* End PBXProject section */

/* Begin PBXResourcesBuildPhase section */
		AAC933931DD55F1F00FB65C2 /* Resources */ = {
			isa = PBXResourcesBuildPhase;
			buildActionMask = 2147483647;
			files = (
				AAC933A81DD55F1F00FB65C2 /* LaunchScreen.storyboard in Resources */,
				AAC933A51DD55F1F00FB65C2 /* Assets.xcassets in Resources */,
				AAC933A31DD55F1F00FB65C2 /* Main.storyboard in Resources */,
			);
			runOnlyForDeploymentPostprocessing = 0;
		};
/* End PBXResourcesBuildPhase section */

/* Begin PBXSourcesBuildPhase section */
		AAC933911DD55F1F00FB65C2 /* Sources */ = {
			isa = PBXSourcesBuildPhase;
			buildActionMask = 2147483647;
			files = (
				AAC933A01DD55F1F00FB65C2 /* ViewController.m in Sources */,
				AAC9339D1DD55F1F00FB65C2 /* AppDelegate.m in Sources */,
				AAC9339A1DD55F1F00FB65C2 /* main.m in Sources */,
			);
			runOnlyForDeploymentPostprocessing = 0;
		};
/* End PBXSourcesBuildPhase section */

/* Begin PBXVariantGroup section */
		AAC933A11DD55F1F00FB65C2 /* Main.storyboard */ = {
			isa = PBXVariantGroup;
			children = (
				AAC933A21DD55F1F00FB65C2 /* Base */,
			);
			name = Main.storyboard;
			sourceTree = "<group>";
		};
		AAC933A61DD55F1F00FB65C2 /* LaunchScreen.storyboard */ = {
			isa = PBXVariantGroup;
			children = (
				AAC933A71DD55F1F00FB65C2 /* Base */,
			);
			name = LaunchScreen.storyboard;
			sourceTree = "<group>";
		};
/* End PBXVariantGroup section */

/* Begin XCBuildConfiguration section */
		AAC933AA1DD55F1F00FB65C2 /* Debug */ = {
			isa = XCBuildConfiguration;
			buildSettings = {
				ALWAYS_SEARCH_USER_PATHS = NO;
				CLANG_ANALYZER_NONNULL = YES;
				CLANG_CXX_LANGUAGE_STANDARD = "gnu++0x";
				CLANG_CXX_LIBRARY = "libc++";
				CLANG_ENABLE_MODULES = YES;
				CLANG_ENABLE_OBJC_ARC = YES;
				CLANG_WARN_BOOL_CONVERSION = YES;
				CLANG_WARN_CONSTANT_CONVERSION = YES;
				CLANG_WARN_DIRECT_OBJC_ISA_USAGE = YES_ERROR;
				CLANG_WARN_DOCUMENTATION_COMMENTS = YES;
				CLANG_WARN_EMPTY_BODY = YES;
				CLANG_WARN_ENUM_CONVERSION = YES;
				CLANG_WARN_INFINITE_RECURSION = YES;
				CLANG_WARN_INT_CONVERSION = YES;
				CLANG_WARN_OBJC_ROOT_CLASS = YES_ERROR;
				CLANG_WARN_SUSPICIOUS_MOVES = YES;
				CLANG_WARN_UNREACHABLE_CODE = YES;
				CLANG_WARN__DUPLICATE_METHOD_MATCH = YES;
				"CODE_SIGN_IDENTITY[sdk=iphoneos*]" = "iPhone Developer";
				COPY_PHASE_STRIP = NO;
				DEBUG_INFORMATION_FORMAT = dwarf;
				ENABLE_STRICT_OBJC_MSGSEND = YES;
				ENABLE_TESTABILITY = YES;
				GCC_C_LANGUAGE_STANDARD = gnu99;
				GCC_DYNAMIC_NO_PIC = NO;
				GCC_NO_COMMON_BLOCKS = YES;
				GCC_OPTIMIZATION_LEVEL = 0;
				GCC_PREPROCESSOR_DEFINITIONS = (
					"DEBUG=1",
					"$(inherited)",
				);
				GCC_WARN_64_TO_32_BIT_CONVERSION = YES;
				GCC_WARN_ABOUT_RETURN_TYPE = YES_ERROR;
				GCC_WARN_UNDECLARED_SELECTOR = YES;
				GCC_WARN_UNINITIALIZED_AUTOS = YES_AGGRESSIVE;
				GCC_WARN_UNUSED_FUNCTION = YES;
				GCC_WARN_UNUSED_VARIABLE = YES;
				IPHONEOS_DEPLOYMENT_TARGET = 10.1;
				MTL_ENABLE_DEBUG_INFO = YES;
				ONLY_ACTIVE_ARCH = YES;
				SDKROOT = iphoneos;
			};
			name = Debug;
		};
		AAC933AB1DD55F1F00FB65C2 /* Release */ = {
			isa = XCBuildConfiguration;
			buildSettings = {
				ALWAYS_SEARCH_USER_PATHS = NO;
				CLANG_ANALYZER_NONNULL = YES;
				CLANG_CXX_LANGUAGE_STANDARD = "gnu++0x";
				CLANG_CXX_LIBRARY = "libc++";
				CLANG_ENABLE_MODULES = YES;
				CLANG_ENABLE_OBJC_ARC = YES;
				CLANG_WARN_BOOL_CONVERSION = YES;
				CLANG_WARN_CONSTANT_CONVERSION = YES;
				CLANG_WARN_DIRECT_OBJC_ISA_USAGE = YES_ERROR;
				CLANG_WARN_DOCUMENTATION_COMMENTS = YES;
				CLANG_WARN_EMPTY_BODY = YES;
				CLANG_WARN_ENUM_CONVERSION = YES;
				CLANG_WARN_INFINITE_RECURSION = YES;
				CLANG_WARN_INT_CONVERSION = YES;
				CLANG_WARN_OBJC_ROOT_CLASS = YES_ERROR;
				CLANG_WARN_SUSPICIOUS_MOVES = YES;
				CLANG_WARN_UNREACHABLE_CODE = YES;
				CLANG_WARN__DUPLICATE_METHOD_MATCH = YES;
				"CODE_SIGN_IDENTITY[sdk=iphoneos*]" = "iPhone Developer";
				COPY_PHASE_STRIP = NO;
				DEBUG_INFORMATION_FORMAT = "dwarf-with-dsym";
				ENABLE_NS_ASSERTIONS = NO;
				ENABLE_STRICT_OBJC_MSGSEND = YES;
				GCC_C_LANGUAGE_STANDARD = gnu99;
				GCC_NO_COMMON_BLOCKS = YES;
				GCC_WARN_64_TO_32_BIT_CONVERSION = YES;
				GCC_WARN_ABOUT_RETURN_TYPE = YES_ERROR;
				GCC_WARN_UNDECLARED_SELECTOR = YES;
				GCC_WARN_UNINITIALIZED_AUTOS = YES_AGGRESSIVE;
				GCC_WARN_UNUSED_FUNCTION = YES;
				GCC_WARN_UNUSED_VARIABLE = YES;
				IPHONEOS_DEPLOYMENT_TARGET = 10.1;
				MTL_ENABLE_DEBUG_INFO = NO;
				SDKROOT = iphoneos;
				VALIDATE_PRODUCT = YES;
			};
			name = Release;
		};
		AAC933AD1DD55F1F00FB65C2 /* Debug */ = {
			isa = XCBuildConfiguration;
			buildSettings = {
				ASSETCATALOG_COMPILER_APPICON_NAME = AppIcon;
				INFOPLIST_FILE = "[1111]ThreadExamole/Info.plist";
				LD_RUNPATH_SEARCH_PATHS = "$(inherited) @executable_path/Frameworks";
				PRODUCT_BUNDLE_IDENTIFIER = "com.celeste.-1111-ThreadExamole";
				PRODUCT_NAME = "$(TARGET_NAME)";
			};
			name = Debug;
		};
		AAC933AE1DD55F1F00FB65C2 /* Release */ = {
			isa = XCBuildConfiguration;
			buildSettings = {
				ASSETCATALOG_COMPILER_APPICON_NAME = AppIcon;
				INFOPLIST_FILE = "[1111]ThreadExamole/Info.plist";
				LD_RUNPATH_SEARCH_PATHS = "$(inherited) @executable_path/Frameworks";
				PRODUCT_BUNDLE_IDENTIFIER = "com.celeste.-1111-ThreadExamole";
				PRODUCT_NAME = "$(TARGET_NAME)";
			};
			name = Release;
		};
/* End XCBuildConfiguration section */

/* Begin XCConfigurationList section */
		AAC933901DD55F1F00FB65C2 /* Build configuration list for PBXProject "[1111]ThreadExamole" */ = {
			isa = XCConfigurationList;
			buildConfigurations = (
				AAC933AA1DD55F1F00FB65C2 /* Debug */,
				AAC933AB1DD55F1F00FB65C2 /* Release */,
			);
			defaultConfigurationIsVisible = 0;
			defaultConfigurationName = Release;
		};
		AAC933AC1DD55F1F00FB65C2 /* Build configuration list for PBXNativeTarget "[1111]ThreadExamole" */ = {
			isa = XCConfigurationList;
			buildConfigurations = (
				AAC933AD1DD55F1F00FB65C2 /* Debug */,
				AAC933AE1DD55F1F00FB65C2 /* Release */,
			);
			defaultConfigurationIsVisible = 0;
		};
/* End XCConfigurationList section */
	};
	rootObject = AAC9338D1DD55F1F00FB65C2 /* Project object */;
}
