// !$*UTF8*$!
{
	archiveVersion = 1;
	classes = {
	};
	objectVersion = 46;
	objects = {

/* Begin PBXBuildFile section */
		AA2B58121DE2C15E0075A3FC /* nextViewController.m in Sources */ = {isa = PBXBuildFile; fileRef = AA2B58111DE2C15E0075A3FC /* nextViewController.m */; };
		AA740E201DE28FEB00709263 /* main.m in Sources */ = {isa = PBXBuildFile; fileRef = AA740E1F1DE28FEB00709263 /* main.m */; };
		AA740E231DE28FEB00709263 /* AppDelegate.m in Sources */ = {isa = PBXBuildFile; fileRef = AA740E221DE28FEB00709263 /* AppDelegate.m */; };
		AA740E261DE28FEB00709263 /* ViewController.m in Sources */ = {isa = PBXBuildFile; fileRef = AA740E251DE28FEB00709263 /* ViewController.m */; };
		AA740E291DE28FEB00709263 /* Main.storyboard in Resources */ = {isa = PBXBuildFile; fileRef = AA740E271DE28FEB00709263 /* Main.storyboard */; };
		AA740E2B1DE28FEB00709263 /* Assets.xcassets in Resources */ = {isa = PBXBuildFile; fileRef = AA740E2A1DE28FEB00709263 /* Assets.xcassets */; };
		AA740E2E1DE28FEB00709263 /* LaunchScreen.storyboard in Resources */ = {isa = PBXBuildFile; fileRef = AA740E2C1DE28FEB00709263 /* LaunchScreen.storyboard */; };
/* End PBXBuildFile section */

/* Begin PBXFileReference section */
		AA2B58101DE2C15E0075A3FC /* nextViewController.h */ = {isa = PBXFileReference; fileEncoding = 4; lastKnownFileType = sourcecode.c.h; path = nextViewController.h; sourceTree = "<group>"; };
		AA2B58111DE2C15E0075A3FC /* nextViewController.m */ = {isa = PBXFileReference; fileEncoding = 4; lastKnownFileType = sourcecode.c.objc; path = nextViewController.m; sourceTree = "<group>"; };
		AA740E1B1DE28FEB00709263 /* [1121]CustomViewExample.app */ = {isa = PBXFileReference; explicitFileType = wrapper.application; includeInIndex = 0; path = "[1121]CustomViewExample.app"; sourceTree = BUILT_PRODUCTS_DIR; };
		AA740E1F1DE28FEB00709263 /* main.m */ = {isa = PBXFileReference; lastKnownFileType = sourcecode.c.objc; path = main.m; sourceTree = "<group>"; };
		AA740E211DE28FEB00709263 /* AppDelegate.h */ = {isa = PBXFileReference; lastKnownFileType = sourcecode.c.h; path = AppDelegate.h; sourceTree = "<group>"; };
		AA740E221DE28FEB00709263 /* AppDelegate.m */ = {isa = PBXFileReference; lastKnownFileType = sourcecode.c.objc; path = AppDelegate.m; sourceTree = "<group>"; };
		AA740E241DE28FEB00709263 /* ViewController.h */ = {isa = PBXFileReference; lastKnownFileType = sourcecode.c.h; path = ViewController.h; sourceTree = "<group>"; };
		AA740E251DE28FEB00709263 /* ViewController.m */ = {isa = PBXFileReference; lastKnownFileType = sourcecode.c.objc; path = ViewController.m; sourceTree = "<group>"; };
		AA740E281DE28FEB00709263 /* Base */ = {isa = PBXFileReference; lastKnownFileType = file.storyboard; name = Base; path = Base.lproj/Main.storyboard; sourceTree = "<group>"; };
		AA740E2A1DE28FEB00709263 /* Assets.xcassets */ = {isa = PBXFileReference; lastKnownFileType = folder.assetcatalog; path = Assets.xcassets; sourceTree = "<group>"; };
		AA740E2D1DE28FEB00709263 /* Base */ = {isa = PBXFileReference; lastKnownFileType = file.storyboard; name = Base; path = Base.lproj/LaunchScreen.storyboard; sourceTree = "<group>"; };
		AA740E2F1DE28FEB00709263 /* Info.plist */ = {isa = PBXFileReference; lastKnownFileType = text.plist.xml; path = Info.plist; sourceTree = "<group>"; };
/* End PBXFileReference section */

/* Begin PBXFrameworksBuildPhase section */
		AA740E181DE28FEA00709263 /* Frameworks */ = {
			isa = PBXFrameworksBuildPhase;
			buildActionMask = 2147483647;
			files = (
			);
			runOnlyForDeploymentPostprocessing = 0;
		};
/* End PBXFrameworksBuildPhase section */

/* Begin PBXGroup section */
		AA740E121DE28FEA00709263 = {
			isa = PBXGroup;
			children = (
				AA740E1D1DE28FEB00709263 /* [1121]CustomViewExample */,
				AA740E1C1DE28FEB00709263 /* Products */,
			);
			sourceTree = "<group>";
		};
		AA740E1C1DE28FEB00709263 /* Products */ = {
			isa = PBXGroup;
			children = (
				AA740E1B1DE28FEB00709263 /* [1121]CustomViewExample.app */,
			);
			name = Products;
			sourceTree = "<group>";
		};
		AA740E1D1DE28FEB00709263 /* [1121]CustomViewExample */ = {
			isa = PBXGroup;
			children = (
				AA740E211DE28FEB00709263 /* AppDelegate.h */,
				AA740E221DE28FEB00709263 /* AppDelegate.m */,
				AA2B58101DE2C15E0075A3FC /* nextViewController.h */,
				AA2B58111DE2C15E0075A3FC /* nextViewController.m */,
				AA740E241DE28FEB00709263 /* ViewController.h */,
				AA740E251DE28FEB00709263 /* ViewController.m */,
				AA740E271DE28FEB00709263 /* Main.storyboard */,
				AA740E2A1DE28FEB00709263 /* Assets.xcassets */,
				AA740E2C1DE28FEB00709263 /* LaunchScreen.storyboard */,
				AA740E2F1DE28FEB00709263 /* Info.plist */,
				AA740E1E1DE28FEB00709263 /* Supporting Files */,
			);
			path = "[1121]CustomViewExample";
			sourceTree = "<group>";
		};
		AA740E1E1DE28FEB00709263 /* Supporting Files */ = {
			isa = PBXGroup;
			children = (
				AA740E1F1DE28FEB00709263 /* main.m */,
			);
			name = "Supporting Files";
			sourceTree = "<group>";
		};
/* End PBXGroup section */

/* Begin PBXNativeTarget section */
		AA740E1A1DE28FEA00709263 /* [1121]CustomViewExample */ = {
			isa = PBXNativeTarget;
			buildConfigurationList = AA740E321DE28FEB00709263 /* Build configuration list for PBXNativeTarget "[1121]CustomViewExample" */;
			buildPhases = (
				AA740E171DE28FEA00709263 /* Sources */,
				AA740E181DE28FEA00709263 /* Frameworks */,
				AA740E191DE28FEA00709263 /* Resources */,
			);
			buildRules = (
			);
			dependencies = (
			);
			name = "[1121]CustomViewExample";
			productName = "[1121]CustomViewExample";
			productReference = AA740E1B1DE28FEB00709263 /* [1121]CustomViewExample.app */;
			productType = "com.apple.product-type.application";
		};
/* End PBXNativeTarget section */

/* Begin PBXProject section */
		AA740E131DE28FEA00709263 /* Project object */ = {
			isa = PBXProject;
			attributes = {
				LastUpgradeCheck = 0810;
				ORGANIZATIONNAME = iosSchool;
				TargetAttributes = {
					AA740E1A1DE28FEA00709263 = {
						CreatedOnToolsVersion = 8.1;
						ProvisioningStyle = Automatic;
					};
				};
			};
			buildConfigurationList = AA740E161DE28FEA00709263 /* Build configuration list for PBXProject "[1121]CustomViewExample" */;
			compatibilityVersion = "Xcode 3.2";
			developmentRegion = English;
			hasScannedForEncodings = 0;
			knownRegions = (
				en,
				Base,
			);
			mainGroup = AA740E121DE28FEA00709263;
			productRefGroup = AA740E1C1DE28FEB00709263 /* Products */;
			projectDirPath = "";
			projectRoot = "";
			targets = (
				AA740E1A1DE28FEA00709263 /* [1121]CustomViewExample */,
			);
		};
/* End PBXProject section */

/* Begin PBXResourcesBuildPhase section */
		AA740E191DE28FEA00709263 /* Resources */ = {
			isa = PBXResourcesBuildPhase;
			buildActionMask = 2147483647;
			files = (
				AA740E2E1DE28FEB00709263 /* LaunchScreen.storyboard in Resources */,
				AA740E2B1DE28FEB00709263 /* Assets.xcassets in Resources */,
				AA740E291DE28FEB00709263 /* Main.storyboard in Resources */,
			);
			runOnlyForDeploymentPostprocessing = 0;
		};
/* End PBXResourcesBuildPhase section */

/* Begin PBXSourcesBuildPhase section */
		AA740E171DE28FEA00709263 /* Sources */ = {
			isa = PBXSourcesBuildPhase;
			buildActionMask = 2147483647;
			files = (
				AA740E261DE28FEB00709263 /* ViewController.m in Sources */,
				AA2B58121DE2C15E0075A3FC /* nextViewController.m in Sources */,
				AA740E231DE28FEB00709263 /* AppDelegate.m in Sources */,
				AA740E201DE28FEB00709263 /* main.m in Sources */,
			);
			runOnlyForDeploymentPostprocessing = 0;
		};
/* End PBXSourcesBuildPhase section */

/* Begin PBXVariantGroup section */
		AA740E271DE28FEB00709263 /* Main.storyboard */ = {
			isa = PBXVariantGroup;
			children = (
				AA740E281DE28FEB00709263 /* Base */,
			);
			name = Main.storyboard;
			sourceTree = "<group>";
		};
		AA740E2C1DE28FEB00709263 /* LaunchScreen.storyboard */ = {
			isa = PBXVariantGroup;
			children = (
				AA740E2D1DE28FEB00709263 /* Base */,
			);
			name = LaunchScreen.storyboard;
			sourceTree = "<group>";
		};
/* End PBXVariantGroup section */

/* Begin XCBuildConfiguration section */
		AA740E301DE28FEB00709263 /* Debug */ = {
			isa = XCBuildConfiguration;
			buildSettings = {
				ALWAYS_SEARCH_USER_PATHS = NO;
				CLANG_ANALYZER_NONNULL = YES;
				CLANG_CXX_LANGUAGE_STANDARD = "gnu++0x";
				CLANG_CXX_LIBRARY = "libc++";
				CLANG_ENABLE_MODULES = YES;
				CLANG_ENABLE_OBJC_ARC = YES;
				CLANG_WARN_BOOL_CONVERSION = YES;
				CLANG_WARN_CONSTANT_CONVERSION = YES;
				CLANG_WARN_DIRECT_OBJC_ISA_USAGE = YES_ERROR;
				CLANG_WARN_DOCUMENTATION_COMMENTS = YES;
				CLANG_WARN_EMPTY_BODY = YES;
				CLANG_WARN_ENUM_CONVERSION = YES;
				CLANG_WARN_INFINITE_RECURSION = YES;
				CLANG_WARN_INT_CONVERSION = YES;
				CLANG_WARN_OBJC_ROOT_CLASS = YES_ERROR;
				CLANG_WARN_SUSPICIOUS_MOVES = YES;
				CLANG_WARN_UNREACHABLE_CODE = YES;
				CLANG_WARN__DUPLICATE_METHOD_MATCH = YES;
				"CODE_SIGN_IDENTITY[sdk=iphoneos*]" = "iPhone Developer";
				COPY_PHASE_STRIP = NO;
				DEBUG_INFORMATION_FORMAT = dwarf;
				ENABLE_STRICT_OBJC_MSGSEND = YES;
				ENABLE_TESTABILITY = YES;
				GCC_C_LANGUAGE_STANDARD = gnu99;
				GCC_DYNAMIC_NO_PIC = NO;
				GCC_NO_COMMON_BLOCKS = YES;
				GCC_OPTIMIZATION_LEVEL = 0;
				GCC_PREPROCESSOR_DEFINITIONS = (
					"DEBUG=1",
					"$(inherited)",
				);
				GCC_WARN_64_TO_32_BIT_CONVERSION = YES;
				GCC_WARN_ABOUT_RETURN_TYPE = YES_ERROR;
				GCC_WARN_UNDECLARED_SELECTOR = YES;
				GCC_WARN_UNINITIALIZED_AUTOS = YES_AGGRESSIVE;
				GCC_WARN_UNUSED_FUNCTION = YES;
				GCC_WARN_UNUSED_VARIABLE = YES;
				IPHONEOS_DEPLOYMENT_TARGET = 10.1;
				MTL_ENABLE_DEBUG_INFO = YES;
				ONLY_ACTIVE_ARCH = YES;
				SDKROOT = iphoneos;
			};
			name = Debug;
		};
		AA740E311DE28FEB00709263 /* Release */ = {
			isa = XCBuildConfiguration;
			buildSettings = {
				ALWAYS_SEARCH_USER_PATHS = NO;
				CLANG_ANALYZER_NONNULL = YES;
				CLANG_CXX_LANGUAGE_STANDARD = "gnu++0x";
				CLANG_CXX_LIBRARY = "libc++";
				CLANG_ENABLE_MODULES = YES;
				CLANG_ENABLE_OBJC_ARC = YES;
				CLANG_WARN_BOOL_CONVERSION = YES;
				CLANG_WARN_CONSTANT_CONVERSION = YES;
				CLANG_WARN_DIRECT_OBJC_ISA_USAGE = YES_ERROR;
				CLANG_WARN_DOCUMENTATION_COMMENTS = YES;
				CLANG_WARN_EMPTY_BODY = YES;
				CLANG_WARN_ENUM_CONVERSION = YES;
				CLANG_WARN_INFINITE_RECURSION = YES;
				CLANG_WARN_INT_CONVERSION = YES;
				CLANG_WARN_OBJC_ROOT_CLASS = YES_ERROR;
				CLANG_WARN_SUSPICIOUS_MOVES = YES;
				CLANG_WARN_UNREACHABLE_CODE = YES;
				CLANG_WARN__DUPLICATE_METHOD_MATCH = YES;
				"CODE_SIGN_IDENTITY[sdk=iphoneos*]" = "iPhone Developer";
				COPY_PHASE_STRIP = NO;
				DEBUG_INFORMATION_FORMAT = "dwarf-with-dsym";
				ENABLE_NS_ASSERTIONS = NO;
				ENABLE_STRICT_OBJC_MSGSEND = YES;
				GCC_C_LANGUAGE_STANDARD = gnu99;
				GCC_NO_COMMON_BLOCKS = YES;
				GCC_WARN_64_TO_32_BIT_CONVERSION = YES;
				GCC_WARN_ABOUT_RETURN_TYPE = YES_ERROR;
				GCC_WARN_UNDECLARED_SELECTOR = YES;
				GCC_WARN_UNINITIALIZED_AUTOS = YES_AGGRESSIVE;
				GCC_WARN_UNUSED_FUNCTION = YES;
				GCC_WARN_UNUSED_VARIABLE = YES;
				IPHONEOS_DEPLOYMENT_TARGET = 10.1;
				MTL_ENABLE_DEBUG_INFO = NO;
				SDKROOT = iphoneos;
				VALIDATE_PRODUCT = YES;
			};
			name = Release;
		};
		AA740E331DE28FEB00709263 /* Debug */ = {
			isa = XCBuildConfiguration;
			buildSettings = {
				ASSETCATALOG_COMPILER_APPICON_NAME = AppIcon;
				INFOPLIST_FILE = "[1121]CustomViewExample/Info.plist";
				LD_RUNPATH_SEARCH_PATHS = "$(inherited) @executable_path/Frameworks";
				PRODUCT_BUNDLE_IDENTIFIER = "com.celeste.-1121-CustomViewExample";
				PRODUCT_NAME = "$(TARGET_NAME)";
			};
			name = Debug;
		};
		AA740E341DE28FEB00709263 /* Release */ = {
			isa = XCBuildConfiguration;
			buildSettings = {
				ASSETCATALOG_COMPILER_APPICON_NAME = AppIcon;
				INFOPLIST_FILE = "[1121]CustomViewExample/Info.plist";
				LD_RUNPATH_SEARCH_PATHS = "$(inherited) @executable_path/Frameworks";
				PRODUCT_BUNDLE_IDENTIFIER = "com.celeste.-1121-CustomViewExample";
				PRODUCT_NAME = "$(TARGET_NAME)";
			};
			name = Release;
		};
/* End XCBuildConfiguration section */

/* Begin XCConfigurationList section */
		AA740E161DE28FEA00709263 /* Build configuration list for PBXProject "[1121]CustomViewExample" */ = {
			isa = XCConfigurationList;
			buildConfigurations = (
				AA740E301DE28FEB00709263 /* Debug */,
				AA740E311DE28FEB00709263 /* Release */,
			);
			defaultConfigurationIsVisible = 0;
			defaultConfigurationName = Release;
		};
		AA740E321DE28FEB00709263 /* Build configuration list for PBXNativeTarget "[1121]CustomViewExample" */ = {
			isa = XCConfigurationList;
			buildConfigurations = (
				AA740E331DE28FEB00709263 /* Debug */,
				AA740E341DE28FEB00709263 /* Release */,
			);
			defaultConfigurationIsVisible = 0;
			defaultConfigurationName = Release;
		};
/* End XCConfigurationList section */
	};
	rootObject = AA740E131DE28FEA00709263 /* Project object */;
}
