// !$*UTF8*$!
{
	archiveVersion = 1;
	classes = {
	};
	objectVersion = 46;
	objects = {

/* Begin PBXBuildFile section */
		AACD01F91DD16F7F00D60524 /* main.m in Sources */ = {isa = PBXBuildFile; fileRef = AACD01F81DD16F7F00D60524 /* main.m */; };
		AACD02011DD16FA100D60524 /* Musician.m in Sources */ = {isa = PBXBuildFile; fileRef = AACD02001DD16FA100D60524 /* Musician.m */; };
		AACD02041DD1A26600D60524 /* BroadcastStation.m in Sources */ = {isa = PBXBuildFile; fileRef = AACD02031DD1A26600D60524 /* BroadcastStation.m */; };
/* End PBXBuildFile section */

/* Begin PBXCopyFilesBuildPhase section */
		AACD01F31DD16F7E00D60524 /* CopyFiles */ = {
			isa = PBXCopyFilesBuildPhase;
			buildActionMask = 2147483647;
			dstPath = /usr/share/man/man1/;
			dstSubfolderSpec = 0;
			files = (
			);
			runOnlyForDeploymentPostprocessing = 1;
		};
/* End PBXCopyFilesBuildPhase section */

/* Begin PBXFileReference section */
		AACD01F51DD16F7F00D60524 /* [1108]PropertAttributes */ = {isa = PBXFileReference; explicitFileType = "compiled.mach-o.executable"; includeInIndex = 0; path = "[1108]PropertAttributes"; sourceTree = BUILT_PRODUCTS_DIR; };
		AACD01F81DD16F7F00D60524 /* main.m */ = {isa = PBXFileReference; lastKnownFileType = sourcecode.c.objc; path = main.m; sourceTree = "<group>"; };
		AACD01FF1DD16FA100D60524 /* Musician.h */ = {isa = PBXFileReference; fileEncoding = 4; lastKnownFileType = sourcecode.c.h; name = Musician.h; path = ../Musician.h; sourceTree = "<group>"; };
		AACD02001DD16FA100D60524 /* Musician.m */ = {isa = PBXFileReference; fileEncoding = 4; lastKnownFileType = sourcecode.c.objc; name = Musician.m; path = ../Musician.m; sourceTree = "<group>"; };
		AACD02021DD1A26600D60524 /* BroadcastStation.h */ = {isa = PBXFileReference; fileEncoding = 4; lastKnownFileType = sourcecode.c.h; path = BroadcastStation.h; sourceTree = "<group>"; };
		AACD02031DD1A26600D60524 /* BroadcastStation.m */ = {isa = PBXFileReference; fileEncoding = 4; lastKnownFileType = sourcecode.c.objc; path = BroadcastStation.m; sourceTree = "<group>"; };
/* End PBXFileReference section */

/* Begin PBXFrameworksBuildPhase section */
		AACD01F21DD16F7E00D60524 /* Frameworks */ = {
			isa = PBXFrameworksBuildPhase;
			buildActionMask = 2147483647;
			files = (
			);
			runOnlyForDeploymentPostprocessing = 0;
		};
/* End PBXFrameworksBuildPhase section */

/* Begin PBXGroup section */
		AACD01EC1DD16F7E00D60524 = {
			isa = PBXGroup;
			children = (
				AACD01F71DD16F7F00D60524 /* [1108]PropertAttributes */,
				AACD01F61DD16F7F00D60524 /* Products */,
			);
			sourceTree = "<group>";
		};
		AACD01F61DD16F7F00D60524 /* Products */ = {
			isa = PBXGroup;
			children = (
				AACD01F51DD16F7F00D60524 /* [1108]PropertAttributes */,
			);
			name = Products;
			sourceTree = "<group>";
		};
		AACD01F71DD16F7F00D60524 /* [1108]PropertAttributes */ = {
			isa = PBXGroup;
			children = (
				AACD01F81DD16F7F00D60524 /* main.m */,
				AACD01FF1DD16FA100D60524 /* Musician.h */,
				AACD02001DD16FA100D60524 /* Musician.m */,
				AACD02021DD1A26600D60524 /* BroadcastStation.h */,
				AACD02031DD1A26600D60524 /* BroadcastStation.m */,
			);
			path = "[1108]PropertAttributes";
			sourceTree = "<group>";
		};
/* End PBXGroup section */

/* Begin PBXNativeTarget section */
		AACD01F41DD16F7E00D60524 /* [1108]PropertAttributes */ = {
			isa = PBXNativeTarget;
			buildConfigurationList = AACD01FC1DD16F7F00D60524 /* Build configuration list for PBXNativeTarget "[1108]PropertAttributes" */;
			buildPhases = (
				AACD01F11DD16F7E00D60524 /* Sources */,
				AACD01F21DD16F7E00D60524 /* Frameworks */,
				AACD01F31DD16F7E00D60524 /* CopyFiles */,
			);
			buildRules = (
			);
			dependencies = (
			);
			name = "[1108]PropertAttributes";
			productName = "[1108]PropertAttributes";
			productReference = AACD01F51DD16F7F00D60524 /* [1108]PropertAttributes */;
			productType = "com.apple.product-type.tool";
		};
/* End PBXNativeTarget section */

/* Begin PBXProject section */
		AACD01ED1DD16F7E00D60524 /* Project object */ = {
			isa = PBXProject;
			attributes = {
				LastUpgradeCheck = 0810;
				ORGANIZATIONNAME = iosSchool;
				TargetAttributes = {
					AACD01F41DD16F7E00D60524 = {
						CreatedOnToolsVersion = 8.1;
						ProvisioningStyle = Automatic;
					};
				};
			};
			buildConfigurationList = AACD01F01DD16F7E00D60524 /* Build configuration list for PBXProject "[1108]PropertAttributes" */;
			compatibilityVersion = "Xcode 3.2";
			developmentRegion = English;
			hasScannedForEncodings = 0;
			knownRegions = (
				en,
			);
			mainGroup = AACD01EC1DD16F7E00D60524;
			productRefGroup = AACD01F61DD16F7F00D60524 /* Products */;
			projectDirPath = "";
			projectRoot = "";
			targets = (
				AACD01F41DD16F7E00D60524 /* [1108]PropertAttributes */,
			);
		};
/* End PBXProject section */

/* Begin PBXSourcesBuildPhase section */
		AACD01F11DD16F7E00D60524 /* Sources */ = {
			isa = PBXSourcesBuildPhase;
			buildActionMask = 2147483647;
			files = (
				AACD02011DD16FA100D60524 /* Musician.m in Sources */,
				AACD01F91DD16F7F00D60524 /* main.m in Sources */,
				AACD02041DD1A26600D60524 /* BroadcastStation.m in Sources */,
			);
			runOnlyForDeploymentPostprocessing = 0;
		};
/* End PBXSourcesBuildPhase section */

/* Begin XCBuildConfiguration section */
		AACD01FA1DD16F7F00D60524 /* Debug */ = {
			isa = XCBuildConfiguration;
			buildSettings = {
				ALWAYS_SEARCH_USER_PATHS = NO;
				CLANG_ANALYZER_NONNULL = YES;
				CLANG_CXX_LANGUAGE_STANDARD = "gnu++0x";
				CLANG_CXX_LIBRARY = "libc++";
				CLANG_ENABLE_MODULES = YES;
				CLANG_ENABLE_OBJC_ARC = YES;
				CLANG_WARN_BOOL_CONVERSION = YES;
				CLANG_WARN_CONSTANT_CONVERSION = YES;
				CLANG_WARN_DIRECT_OBJC_ISA_USAGE = YES_ERROR;
				CLANG_WARN_DOCUMENTATION_COMMENTS = YES;
				CLANG_WARN_EMPTY_BODY = YES;
				CLANG_WARN_ENUM_CONVERSION = YES;
				CLANG_WARN_INFINITE_RECURSION = YES;
				CLANG_WARN_INT_CONVERSION = YES;
				CLANG_WARN_OBJC_ROOT_CLASS = YES_ERROR;
				CLANG_WARN_SUSPICIOUS_MOVES = YES;
				CLANG_WARN_UNREACHABLE_CODE = YES;
				CLANG_WARN__DUPLICATE_METHOD_MATCH = YES;
				CODE_SIGN_IDENTITY = "-";
				COPY_PHASE_STRIP = NO;
				DEBUG_INFORMATION_FORMAT = dwarf;
				ENABLE_STRICT_OBJC_MSGSEND = YES;
				ENABLE_TESTABILITY = YES;
				GCC_C_LANGUAGE_STANDARD = gnu99;
				GCC_DYNAMIC_NO_PIC = NO;
				GCC_NO_COMMON_BLOCKS = YES;
				GCC_OPTIMIZATION_LEVEL = 0;
				GCC_PREPROCESSOR_DEFINITIONS = (
					"DEBUG=1",
					"$(inherited)",
				);
				GCC_WARN_64_TO_32_BIT_CONVERSION = YES;
				GCC_WARN_ABOUT_RETURN_TYPE = YES_ERROR;
				GCC_WARN_UNDECLARED_SELECTOR = YES;
				GCC_WARN_UNINITIALIZED_AUTOS = YES_AGGRESSIVE;
				GCC_WARN_UNUSED_FUNCTION = YES;
				GCC_WARN_UNUSED_VARIABLE = YES;
				MACOSX_DEPLOYMENT_TARGET = 10.12;
				MTL_ENABLE_DEBUG_INFO = YES;
				ONLY_ACTIVE_ARCH = YES;
				SDKROOT = macosx;
			};
			name = Debug;
		};
		AACD01FB1DD16F7F00D60524 /* Release */ = {
			isa = XCBuildConfiguration;
			buildSettings = {
				ALWAYS_SEARCH_USER_PATHS = NO;
				CLANG_ANALYZER_NONNULL = YES;
				CLANG_CXX_LANGUAGE_STANDARD = "gnu++0x";
				CLANG_CXX_LIBRARY = "libc++";
				CLANG_ENABLE_MODULES = YES;
				CLANG_ENABLE_OBJC_ARC = YES;
				CLANG_WARN_BOOL_CONVERSION = YES;
				CLANG_WARN_CONSTANT_CONVERSION = YES;
				CLANG_WARN_DIRECT_OBJC_ISA_USAGE = YES_ERROR;
				CLANG_WARN_DOCUMENTATION_COMMENTS = YES;
				CLANG_WARN_EMPTY_BODY = YES;
				CLANG_WARN_ENUM_CONVERSION = YES;
				CLANG_WARN_INFINITE_RECURSION = YES;
				CLANG_WARN_INT_CONVERSION = YES;
				CLANG_WARN_OBJC_ROOT_CLASS = YES_ERROR;
				CLANG_WARN_SUSPICIOUS_MOVES = YES;
				CLANG_WARN_UNREACHABLE_CODE = YES;
				CLANG_WARN__DUPLICATE_METHOD_MATCH = YES;
				CODE_SIGN_IDENTITY = "-";
				COPY_PHASE_STRIP = NO;
				DEBUG_INFORMATION_FORMAT = "dwarf-with-dsym";
				ENABLE_NS_ASSERTIONS = NO;
				ENABLE_STRICT_OBJC_MSGSEND = YES;
				GCC_C_LANGUAGE_STANDARD = gnu99;
				GCC_NO_COMMON_BLOCKS = YES;
				GCC_WARN_64_TO_32_BIT_CONVERSION = YES;
				GCC_WARN_ABOUT_RETURN_TYPE = YES_ERROR;
				GCC_WARN_UNDECLARED_SELECTOR = YES;
				GCC_WARN_UNINITIALIZED_AUTOS = YES_AGGRESSIVE;
				GCC_WARN_UNUSED_FUNCTION = YES;
				GCC_WARN_UNUSED_VARIABLE = YES;
				MACOSX_DEPLOYMENT_TARGET = 10.12;
				MTL_ENABLE_DEBUG_INFO = NO;
				SDKROOT = macosx;
			};
			name = Release;
		};
		AACD01FD1DD16F7F00D60524 /* Debug */ = {
			isa = XCBuildConfiguration;
			buildSettings = {
				CLANG_ENABLE_OBJC_ARC = NO;
				PRODUCT_NAME = "$(TARGET_NAME)";
			};
			name = Debug;
		};
		AACD01FE1DD16F7F00D60524 /* Release */ = {
			isa = XCBuildConfiguration;
			buildSettings = {
				CLANG_ENABLE_OBJC_ARC = NO;
				PRODUCT_NAME = "$(TARGET_NAME)";
			};
			name = Release;
		};
/* End XCBuildConfiguration section */

/* Begin XCConfigurationList section */
		AACD01F01DD16F7E00D60524 /* Build configuration list for PBXProject "[1108]PropertAttributes" */ = {
			isa = XCConfigurationList;
			buildConfigurations = (
				AACD01FA1DD16F7F00D60524 /* Debug */,
				AACD01FB1DD16F7F00D60524 /* Release */,
			);
			defaultConfigurationIsVisible = 0;
			defaultConfigurationName = Release;
		};
		AACD01FC1DD16F7F00D60524 /* Build configuration list for PBXNativeTarget "[1108]PropertAttributes" */ = {
			isa = XCConfigurationList;
			buildConfigurations = (
				AACD01FD1DD16F7F00D60524 /* Debug */,
				AACD01FE1DD16F7F00D60524 /* Release */,
			);
			defaultConfigurationIsVisible = 0;
		};
/* End XCConfigurationList section */
	};
	rootObject = AACD01ED1DD16F7E00D60524 /* Project object */;
}
